// !$*UTF8*$!
{
	archiveVersion = 1;
	classes = {
	};
	objectVersion = 56;
	objects = {

/* Begin PBXBuildFile section */
		A46B46DC299295B4001FAED3 /* SnapKit in Frameworks */ = {isa = PBXBuildFile; productRef = A46B46DB299295B4001FAED3 /* SnapKit */; };
		A46B46DF299295CB001FAED3 /* SnapKit in Frameworks */ = {isa = PBXBuildFile; productRef = A46B46DE299295CB001FAED3 /* SnapKit */; };
		A46B46E22993133B001FAED3 /* UIViewControllerRepresentable.swift in Sources */ = {isa = PBXBuildFile; fileRef = A46B46E12993133B001FAED3 /* UIViewControllerRepresentable.swift */; };
		A46B46E32993133B001FAED3 /* UIViewControllerRepresentable.swift in Sources */ = {isa = PBXBuildFile; fileRef = A46B46E12993133B001FAED3 /* UIViewControllerRepresentable.swift */; };
		A46B46E72994B49A001FAED3 /* LoginButtonView.swift in Sources */ = {isa = PBXBuildFile; fileRef = A46B46E62994B49A001FAED3 /* LoginButtonView.swift */; };
		A46B46E82994B49A001FAED3 /* LoginButtonView.swift in Sources */ = {isa = PBXBuildFile; fileRef = A46B46E62994B49A001FAED3 /* LoginButtonView.swift */; };
		A46B46EA2994B769001FAED3 /* UIColor.swift in Sources */ = {isa = PBXBuildFile; fileRef = A46B46E92994B769001FAED3 /* UIColor.swift */; };
		A46B46EB2994B769001FAED3 /* UIColor.swift in Sources */ = {isa = PBXBuildFile; fileRef = A46B46E92994B769001FAED3 /* UIColor.swift */; };
		A46B46EE299665DD001FAED3 /* SignUpFirstStepViewController.swift in Sources */ = {isa = PBXBuildFile; fileRef = A46B46ED299665DD001FAED3 /* SignUpFirstStepViewController.swift */; };
		A46B46EF299665DD001FAED3 /* SignUpFirstStepViewController.swift in Sources */ = {isa = PBXBuildFile; fileRef = A46B46ED299665DD001FAED3 /* SignUpFirstStepViewController.swift */; };
		A46B46FA29966FBF001FAED3 /* Pretendard-ExtraBold.otf in Resources */ = {isa = PBXBuildFile; fileRef = A46B46F129966FBE001FAED3 /* Pretendard-ExtraBold.otf */; };
		A46B46FB29966FBF001FAED3 /* Pretendard-ExtraBold.otf in Resources */ = {isa = PBXBuildFile; fileRef = A46B46F129966FBE001FAED3 /* Pretendard-ExtraBold.otf */; };
		A46B46FC29966FBF001FAED3 /* Pretendard-Light.otf in Resources */ = {isa = PBXBuildFile; fileRef = A46B46F229966FBE001FAED3 /* Pretendard-Light.otf */; };
		A46B46FD29966FBF001FAED3 /* Pretendard-Light.otf in Resources */ = {isa = PBXBuildFile; fileRef = A46B46F229966FBE001FAED3 /* Pretendard-Light.otf */; };
		A46B46FE29966FBF001FAED3 /* Pretendard-Bold.otf in Resources */ = {isa = PBXBuildFile; fileRef = A46B46F329966FBE001FAED3 /* Pretendard-Bold.otf */; };
		A46B46FF29966FBF001FAED3 /* Pretendard-Bold.otf in Resources */ = {isa = PBXBuildFile; fileRef = A46B46F329966FBE001FAED3 /* Pretendard-Bold.otf */; };
		A46B470029966FBF001FAED3 /* Pretendard-Black.otf in Resources */ = {isa = PBXBuildFile; fileRef = A46B46F429966FBE001FAED3 /* Pretendard-Black.otf */; };
		A46B470129966FBF001FAED3 /* Pretendard-Black.otf in Resources */ = {isa = PBXBuildFile; fileRef = A46B46F429966FBE001FAED3 /* Pretendard-Black.otf */; };
		A46B470229966FBF001FAED3 /* Pretendard-ExtraLight.otf in Resources */ = {isa = PBXBuildFile; fileRef = A46B46F529966FBF001FAED3 /* Pretendard-ExtraLight.otf */; };
		A46B470329966FBF001FAED3 /* Pretendard-ExtraLight.otf in Resources */ = {isa = PBXBuildFile; fileRef = A46B46F529966FBF001FAED3 /* Pretendard-ExtraLight.otf */; };
		A46B470429966FBF001FAED3 /* Pretendard-SemiBold.otf in Resources */ = {isa = PBXBuildFile; fileRef = A46B46F629966FBF001FAED3 /* Pretendard-SemiBold.otf */; };
		A46B470529966FBF001FAED3 /* Pretendard-SemiBold.otf in Resources */ = {isa = PBXBuildFile; fileRef = A46B46F629966FBF001FAED3 /* Pretendard-SemiBold.otf */; };
		A46B470629966FBF001FAED3 /* Pretendard-Medium.otf in Resources */ = {isa = PBXBuildFile; fileRef = A46B46F729966FBF001FAED3 /* Pretendard-Medium.otf */; };
		A46B470729966FBF001FAED3 /* Pretendard-Medium.otf in Resources */ = {isa = PBXBuildFile; fileRef = A46B46F729966FBF001FAED3 /* Pretendard-Medium.otf */; };
		A46B470829966FBF001FAED3 /* Pretendard-Regular.otf in Resources */ = {isa = PBXBuildFile; fileRef = A46B46F829966FBF001FAED3 /* Pretendard-Regular.otf */; };
		A46B470929966FBF001FAED3 /* Pretendard-Regular.otf in Resources */ = {isa = PBXBuildFile; fileRef = A46B46F829966FBF001FAED3 /* Pretendard-Regular.otf */; };
		A46B470A29966FBF001FAED3 /* Pretendard-Thin.otf in Resources */ = {isa = PBXBuildFile; fileRef = A46B46F929966FBF001FAED3 /* Pretendard-Thin.otf */; };
		A46B470B29966FBF001FAED3 /* Pretendard-Thin.otf in Resources */ = {isa = PBXBuildFile; fileRef = A46B46F929966FBF001FAED3 /* Pretendard-Thin.otf */; };
		A46B470D29967086001FAED3 /* UIFont.swift in Sources */ = {isa = PBXBuildFile; fileRef = A46B470C29967086001FAED3 /* UIFont.swift */; };
		A46B470E29967086001FAED3 /* UIFont.swift in Sources */ = {isa = PBXBuildFile; fileRef = A46B470C29967086001FAED3 /* UIFont.swift */; };
		A46B4710299677C9001FAED3 /* CheckBoxView.swift in Sources */ = {isa = PBXBuildFile; fileRef = A46B470F299677C9001FAED3 /* CheckBoxView.swift */; };
		A46B4711299677C9001FAED3 /* CheckBoxView.swift in Sources */ = {isa = PBXBuildFile; fileRef = A46B470F299677C9001FAED3 /* CheckBoxView.swift */; };
		A46B47132996845F001FAED3 /* SignUpFirstStepViewModel.swift in Sources */ = {isa = PBXBuildFile; fileRef = A46B47122996845F001FAED3 /* SignUpFirstStepViewModel.swift */; };
		A46B47142996845F001FAED3 /* SignUpFirstStepViewModel.swift in Sources */ = {isa = PBXBuildFile; fileRef = A46B47122996845F001FAED3 /* SignUpFirstStepViewModel.swift */; };
		A46B471629975CDE001FAED3 /* UIViewController.swift in Sources */ = {isa = PBXBuildFile; fileRef = A46B471529975CDE001FAED3 /* UIViewController.swift */; };
		A46B471729975CDE001FAED3 /* UIViewController.swift in Sources */ = {isa = PBXBuildFile; fileRef = A46B471529975CDE001FAED3 /* UIViewController.swift */; };
		A4C31C7A29913CF00014F458 /* AppDelegate.swift in Sources */ = {isa = PBXBuildFile; fileRef = A4C31C7929913CF00014F458 /* AppDelegate.swift */; };
		A4C31C7C29913CF00014F458 /* SceneDelegate.swift in Sources */ = {isa = PBXBuildFile; fileRef = A4C31C7B29913CF00014F458 /* SceneDelegate.swift */; };
		A4C31C7E29913CF00014F458 /* LoginViewController.swift in Sources */ = {isa = PBXBuildFile; fileRef = A4C31C7D29913CF00014F458 /* LoginViewController.swift */; };
		A4C31C8329913CF00014F458 /* Assets.xcassets in Resources */ = {isa = PBXBuildFile; fileRef = A4C31C8229913CF00014F458 /* Assets.xcassets */; };
		A4C31C8629913CF00014F458 /* LaunchScreen.storyboard in Resources */ = {isa = PBXBuildFile; fileRef = A4C31C8429913CF00014F458 /* LaunchScreen.storyboard */; };
		A4C31C8F299140200014F458 /* LoginViewController.swift in Sources */ = {isa = PBXBuildFile; fileRef = A4C31C7D29913CF00014F458 /* LoginViewController.swift */; };
		A4C31C90299140200014F458 /* AppDelegate.swift in Sources */ = {isa = PBXBuildFile; fileRef = A4C31C7929913CF00014F458 /* AppDelegate.swift */; };
		A4C31C91299140200014F458 /* SceneDelegate.swift in Sources */ = {isa = PBXBuildFile; fileRef = A4C31C7B29913CF00014F458 /* SceneDelegate.swift */; };
		A4C31C94299140200014F458 /* LaunchScreen.storyboard in Resources */ = {isa = PBXBuildFile; fileRef = A4C31C8429913CF00014F458 /* LaunchScreen.storyboard */; };
		A4C31C95299140200014F458 /* Assets.xcassets in Resources */ = {isa = PBXBuildFile; fileRef = A4C31C8229913CF00014F458 /* Assets.xcassets */; };
/* End PBXBuildFile section */

/* Begin PBXFileReference section */
		A46B46E12993133B001FAED3 /* UIViewControllerRepresentable.swift */ = {isa = PBXFileReference; lastKnownFileType = sourcecode.swift; path = UIViewControllerRepresentable.swift; sourceTree = "<group>"; };
		A46B46E62994B49A001FAED3 /* LoginButtonView.swift */ = {isa = PBXFileReference; lastKnownFileType = sourcecode.swift; path = LoginButtonView.swift; sourceTree = "<group>"; };
		A46B46E92994B769001FAED3 /* UIColor.swift */ = {isa = PBXFileReference; lastKnownFileType = sourcecode.swift; path = UIColor.swift; sourceTree = "<group>"; };
		A46B46ED299665DD001FAED3 /* SignUpFirstStepViewController.swift */ = {isa = PBXFileReference; lastKnownFileType = sourcecode.swift; path = SignUpFirstStepViewController.swift; sourceTree = "<group>"; };
		A46B46F129966FBE001FAED3 /* Pretendard-ExtraBold.otf */ = {isa = PBXFileReference; lastKnownFileType = file; path = "Pretendard-ExtraBold.otf"; sourceTree = "<group>"; };
		A46B46F229966FBE001FAED3 /* Pretendard-Light.otf */ = {isa = PBXFileReference; lastKnownFileType = file; path = "Pretendard-Light.otf"; sourceTree = "<group>"; };
		A46B46F329966FBE001FAED3 /* Pretendard-Bold.otf */ = {isa = PBXFileReference; lastKnownFileType = file; path = "Pretendard-Bold.otf"; sourceTree = "<group>"; };
		A46B46F429966FBE001FAED3 /* Pretendard-Black.otf */ = {isa = PBXFileReference; lastKnownFileType = file; path = "Pretendard-Black.otf"; sourceTree = "<group>"; };
		A46B46F529966FBF001FAED3 /* Pretendard-ExtraLight.otf */ = {isa = PBXFileReference; lastKnownFileType = file; path = "Pretendard-ExtraLight.otf"; sourceTree = "<group>"; };
		A46B46F629966FBF001FAED3 /* Pretendard-SemiBold.otf */ = {isa = PBXFileReference; lastKnownFileType = file; path = "Pretendard-SemiBold.otf"; sourceTree = "<group>"; };
		A46B46F729966FBF001FAED3 /* Pretendard-Medium.otf */ = {isa = PBXFileReference; lastKnownFileType = file; path = "Pretendard-Medium.otf"; sourceTree = "<group>"; };
		A46B46F829966FBF001FAED3 /* Pretendard-Regular.otf */ = {isa = PBXFileReference; lastKnownFileType = file; path = "Pretendard-Regular.otf"; sourceTree = "<group>"; };
		A46B46F929966FBF001FAED3 /* Pretendard-Thin.otf */ = {isa = PBXFileReference; lastKnownFileType = file; path = "Pretendard-Thin.otf"; sourceTree = "<group>"; };
		A46B470C29967086001FAED3 /* UIFont.swift */ = {isa = PBXFileReference; lastKnownFileType = sourcecode.swift; path = UIFont.swift; sourceTree = "<group>"; };
		A46B470F299677C9001FAED3 /* CheckBoxView.swift */ = {isa = PBXFileReference; lastKnownFileType = sourcecode.swift; path = CheckBoxView.swift; sourceTree = "<group>"; };
		A46B47122996845F001FAED3 /* SignUpFirstStepViewModel.swift */ = {isa = PBXFileReference; lastKnownFileType = sourcecode.swift; path = SignUpFirstStepViewModel.swift; sourceTree = "<group>"; };
		A46B471529975CDE001FAED3 /* UIViewController.swift */ = {isa = PBXFileReference; lastKnownFileType = sourcecode.swift; path = UIViewController.swift; sourceTree = "<group>"; };
		A4C31C7629913CF00014F458 /* Release.app */ = {isa = PBXFileReference; explicitFileType = wrapper.application; includeInIndex = 0; path = Release.app; sourceTree = BUILT_PRODUCTS_DIR; };
		A4C31C7929913CF00014F458 /* AppDelegate.swift */ = {isa = PBXFileReference; lastKnownFileType = sourcecode.swift; path = AppDelegate.swift; sourceTree = "<group>"; };
		A4C31C7B29913CF00014F458 /* SceneDelegate.swift */ = {isa = PBXFileReference; lastKnownFileType = sourcecode.swift; path = SceneDelegate.swift; sourceTree = "<group>"; };
		A4C31C7D29913CF00014F458 /* LoginViewController.swift */ = {isa = PBXFileReference; lastKnownFileType = sourcecode.swift; path = LoginViewController.swift; sourceTree = "<group>"; };
		A4C31C8229913CF00014F458 /* Assets.xcassets */ = {isa = PBXFileReference; lastKnownFileType = folder.assetcatalog; path = Assets.xcassets; sourceTree = "<group>"; };
		A4C31C8529913CF00014F458 /* Base */ = {isa = PBXFileReference; lastKnownFileType = file.storyboard; name = Base; path = Base.lproj/LaunchScreen.storyboard; sourceTree = "<group>"; };
		A4C31C8729913CF00014F458 /* Info.plist */ = {isa = PBXFileReference; lastKnownFileType = text.plist.xml; path = Info.plist; sourceTree = "<group>"; };
		A4C31C99299140200014F458 /* Dev.app */ = {isa = PBXFileReference; explicitFileType = wrapper.application; includeInIndex = 0; path = Dev.app; sourceTree = BUILT_PRODUCTS_DIR; };
		A4C31C9B2991427D0014F458 /* Info-dev.plist */ = {isa = PBXFileReference; fileEncoding = 4; lastKnownFileType = text.plist.xml; path = "Info-dev.plist"; sourceTree = "<group>"; };
/* End PBXFileReference section */

/* Begin PBXFrameworksBuildPhase section */
		A4C31C7329913CF00014F458 /* Frameworks */ = {
			isa = PBXFrameworksBuildPhase;
			buildActionMask = 2147483647;
			files = (
				A46B46DC299295B4001FAED3 /* SnapKit in Frameworks */,
			);
			runOnlyForDeploymentPostprocessing = 0;
		};
		A4C31C92299140200014F458 /* Frameworks */ = {
			isa = PBXFrameworksBuildPhase;
			buildActionMask = 2147483647;
			files = (
				A46B46DF299295CB001FAED3 /* SnapKit in Frameworks */,
			);
			runOnlyForDeploymentPostprocessing = 0;
		};
/* End PBXFrameworksBuildPhase section */

/* Begin PBXGroup section */
		A46B46DD299295CB001FAED3 /* Frameworks */ = {
			isa = PBXGroup;
			children = (
			);
			name = Frameworks;
			sourceTree = "<group>";
		};
		A46B46E02993125C001FAED3 /* Extension */ = {
			isa = PBXGroup;
			children = (
				A46B46E12993133B001FAED3 /* UIViewControllerRepresentable.swift */,
				A46B46E92994B769001FAED3 /* UIColor.swift */,
				A46B470C29967086001FAED3 /* UIFont.swift */,
				A46B471529975CDE001FAED3 /* UIViewController.swift */,
			);
			path = Extension;
			sourceTree = "<group>";
		};
		A46B46E42994B44E001FAED3 /* Login */ = {
			isa = PBXGroup;
			children = (
				A46B46EC29966584001FAED3 /* SignUp */,
				A46B46E52994B476001FAED3 /* Components */,
				A4C31C7D29913CF00014F458 /* LoginViewController.swift */,
			);
			path = Login;
			sourceTree = "<group>";
		};
		A46B46E52994B476001FAED3 /* Components */ = {
			isa = PBXGroup;
			children = (
				A46B46E62994B49A001FAED3 /* LoginButtonView.swift */,
			);
			path = Components;
			sourceTree = "<group>";
		};
		A46B46EC29966584001FAED3 /* SignUp */ = {
			isa = PBXGroup;
			children = (
				A46B46ED299665DD001FAED3 /* SignUpFirstStepViewController.swift */,
				A46B470F299677C9001FAED3 /* CheckBoxView.swift */,
				A46B47122996845F001FAED3 /* SignUpFirstStepViewModel.swift */,
			);
			path = SignUp;
			sourceTree = "<group>";
		};
		A46B46F029966F2B001FAED3 /* Font */ = {
			isa = PBXGroup;
			children = (
				A46B46F429966FBE001FAED3 /* Pretendard-Black.otf */,
				A46B46F329966FBE001FAED3 /* Pretendard-Bold.otf */,
				A46B46F129966FBE001FAED3 /* Pretendard-ExtraBold.otf */,
				A46B46F529966FBF001FAED3 /* Pretendard-ExtraLight.otf */,
				A46B46F229966FBE001FAED3 /* Pretendard-Light.otf */,
				A46B46F729966FBF001FAED3 /* Pretendard-Medium.otf */,
				A46B46F829966FBF001FAED3 /* Pretendard-Regular.otf */,
				A46B46F629966FBF001FAED3 /* Pretendard-SemiBold.otf */,
				A46B46F929966FBF001FAED3 /* Pretendard-Thin.otf */,
			);
			path = Font;
			sourceTree = "<group>";
		};
		A4C31C6D29913CF00014F458 = {
			isa = PBXGroup;
			children = (
				A4C31C7829913CF00014F458 /* SoleApp */,
				A4C31C7729913CF00014F458 /* Products */,
				A46B46DD299295CB001FAED3 /* Frameworks */,
			);
			sourceTree = "<group>";
		};
		A4C31C7729913CF00014F458 /* Products */ = {
			isa = PBXGroup;
			children = (
				A4C31C7629913CF00014F458 /* Release.app */,
				A4C31C99299140200014F458 /* Dev.app */,
			);
			name = Products;
			sourceTree = "<group>";
		};
		A4C31C7829913CF00014F458 /* SoleApp */ = {
			isa = PBXGroup;
			children = (
				A46B46F029966F2B001FAED3 /* Font */,
				A46B46E02993125C001FAED3 /* Extension */,
				A4C31C7929913CF00014F458 /* AppDelegate.swift */,
				A4C31C7B29913CF00014F458 /* SceneDelegate.swift */,
				A46B46E42994B44E001FAED3 /* Login */,
				A4C31C8229913CF00014F458 /* Assets.xcassets */,
				A4C31C8429913CF00014F458 /* LaunchScreen.storyboard */,
				A4C31C8729913CF00014F458 /* Info.plist */,
				A4C31C9B2991427D0014F458 /* Info-dev.plist */,
			);
			path = SoleApp;
			sourceTree = "<group>";
		};
/* End PBXGroup section */

/* Begin PBXNativeTarget section */
		A4C31C7529913CF00014F458 /* Release */ = {
			isa = PBXNativeTarget;
			buildConfigurationList = A4C31C8A29913CF00014F458 /* Build configuration list for PBXNativeTarget "Release" */;
			buildPhases = (
				A4C31C7229913CF00014F458 /* Sources */,
				A4C31C7329913CF00014F458 /* Frameworks */,
				A4C31C7429913CF00014F458 /* Resources */,
			);
			buildRules = (
			);
			dependencies = (
			);
			name = Release;
			packageProductDependencies = (
				A46B46DB299295B4001FAED3 /* SnapKit */,
			);
			productName = SoleApp;
			productReference = A4C31C7629913CF00014F458 /* Release.app */;
			productType = "com.apple.product-type.application";
		};
		A4C31C8D299140200014F458 /* Dev */ = {
			isa = PBXNativeTarget;
			buildConfigurationList = A4C31C96299140200014F458 /* Build configuration list for PBXNativeTarget "Dev" */;
			buildPhases = (
				A4C31C8E299140200014F458 /* Sources */,
				A4C31C92299140200014F458 /* Frameworks */,
				A4C31C93299140200014F458 /* Resources */,
			);
			buildRules = (
			);
			dependencies = (
			);
			name = Dev;
			packageProductDependencies = (
				A46B46DE299295CB001FAED3 /* SnapKit */,
			);
			productName = SoleApp;
			productReference = A4C31C99299140200014F458 /* Dev.app */;
			productType = "com.apple.product-type.application";
		};
/* End PBXNativeTarget section */

/* Begin PBXProject section */
		A4C31C6E29913CF00014F458 /* Project object */ = {
			isa = PBXProject;
			attributes = {
				BuildIndependentTargetsInParallel = 1;
				LastSwiftUpdateCheck = 1420;
				LastUpgradeCheck = 1420;
				TargetAttributes = {
					A4C31C7529913CF00014F458 = {
						CreatedOnToolsVersion = 14.2;
					};
				};
			};
			buildConfigurationList = A4C31C7129913CF00014F458 /* Build configuration list for PBXProject "SoleApp" */;
			compatibilityVersion = "Xcode 14.0";
			developmentRegion = en;
			hasScannedForEncodings = 0;
			knownRegions = (
				en,
				Base,
			);
			mainGroup = A4C31C6D29913CF00014F458;
			packageReferences = (
				A46B46DA299295B4001FAED3 /* XCRemoteSwiftPackageReference "SnapKit" */,
			);
			productRefGroup = A4C31C7729913CF00014F458 /* Products */;
			projectDirPath = "";
			projectRoot = "";
			targets = (
				A4C31C7529913CF00014F458 /* Release */,
				A4C31C8D299140200014F458 /* Dev */,
			);
		};
/* End PBXProject section */

/* Begin PBXResourcesBuildPhase section */
		A4C31C7429913CF00014F458 /* Resources */ = {
			isa = PBXResourcesBuildPhase;
			buildActionMask = 2147483647;
			files = (
				A46B470229966FBF001FAED3 /* Pretendard-ExtraLight.otf in Resources */,
				A4C31C8629913CF00014F458 /* LaunchScreen.storyboard in Resources */,
				A46B46FE29966FBF001FAED3 /* Pretendard-Bold.otf in Resources */,
				A46B470429966FBF001FAED3 /* Pretendard-SemiBold.otf in Resources */,
				A46B46FC29966FBF001FAED3 /* Pretendard-Light.otf in Resources */,
				A4C31C8329913CF00014F458 /* Assets.xcassets in Resources */,
				A46B470029966FBF001FAED3 /* Pretendard-Black.otf in Resources */,
				A46B470829966FBF001FAED3 /* Pretendard-Regular.otf in Resources */,
				A46B46FA29966FBF001FAED3 /* Pretendard-ExtraBold.otf in Resources */,
				A46B470A29966FBF001FAED3 /* Pretendard-Thin.otf in Resources */,
				A46B470629966FBF001FAED3 /* Pretendard-Medium.otf in Resources */,
			);
			runOnlyForDeploymentPostprocessing = 0;
		};
		A4C31C93299140200014F458 /* Resources */ = {
			isa = PBXResourcesBuildPhase;
			buildActionMask = 2147483647;
			files = (
				A46B470329966FBF001FAED3 /* Pretendard-ExtraLight.otf in Resources */,
				A4C31C94299140200014F458 /* LaunchScreen.storyboard in Resources */,
				A46B46FF29966FBF001FAED3 /* Pretendard-Bold.otf in Resources */,
				A46B470529966FBF001FAED3 /* Pretendard-SemiBold.otf in Resources */,
				A46B46FD29966FBF001FAED3 /* Pretendard-Light.otf in Resources */,
				A4C31C95299140200014F458 /* Assets.xcassets in Resources */,
				A46B470129966FBF001FAED3 /* Pretendard-Black.otf in Resources */,
				A46B470929966FBF001FAED3 /* Pretendard-Regular.otf in Resources */,
				A46B46FB29966FBF001FAED3 /* Pretendard-ExtraBold.otf in Resources */,
				A46B470B29966FBF001FAED3 /* Pretendard-Thin.otf in Resources */,
				A46B470729966FBF001FAED3 /* Pretendard-Medium.otf in Resources */,
			);
			runOnlyForDeploymentPostprocessing = 0;
		};
/* End PBXResourcesBuildPhase section */

/* Begin PBXSourcesBuildPhase section */
		A4C31C7229913CF00014F458 /* Sources */ = {
			isa = PBXSourcesBuildPhase;
			buildActionMask = 2147483647;
			files = (
				A46B46E72994B49A001FAED3 /* LoginButtonView.swift in Sources */,
				A46B46EE299665DD001FAED3 /* SignUpFirstStepViewController.swift in Sources */,
				A46B46EA2994B769001FAED3 /* UIColor.swift in Sources */,
				A46B471629975CDE001FAED3 /* UIViewController.swift in Sources */,
				A46B47132996845F001FAED3 /* SignUpFirstStepViewModel.swift in Sources */,
				A4C31C7E29913CF00014F458 /* LoginViewController.swift in Sources */,
				A46B4710299677C9001FAED3 /* CheckBoxView.swift in Sources */,
				A46B470D29967086001FAED3 /* UIFont.swift in Sources */,
				A4C31C7A29913CF00014F458 /* AppDelegate.swift in Sources */,
				A4C31C7C29913CF00014F458 /* SceneDelegate.swift in Sources */,
				A46B46E22993133B001FAED3 /* UIViewControllerRepresentable.swift in Sources */,
			);
			runOnlyForDeploymentPostprocessing = 0;
		};
		A4C31C8E299140200014F458 /* Sources */ = {
			isa = PBXSourcesBuildPhase;
			buildActionMask = 2147483647;
			files = (
				A46B46E82994B49A001FAED3 /* LoginButtonView.swift in Sources */,
				A46B46EF299665DD001FAED3 /* SignUpFirstStepViewController.swift in Sources */,
				A46B46EB2994B769001FAED3 /* UIColor.swift in Sources */,
				A46B471729975CDE001FAED3 /* UIViewController.swift in Sources */,
				A46B47142996845F001FAED3 /* SignUpFirstStepViewModel.swift in Sources */,
				A4C31C8F299140200014F458 /* LoginViewController.swift in Sources */,
				A46B4711299677C9001FAED3 /* CheckBoxView.swift in Sources */,
				A46B470E29967086001FAED3 /* UIFont.swift in Sources */,
				A4C31C90299140200014F458 /* AppDelegate.swift in Sources */,
				A4C31C91299140200014F458 /* SceneDelegate.swift in Sources */,
				A46B46E32993133B001FAED3 /* UIViewControllerRepresentable.swift in Sources */,
			);
			runOnlyForDeploymentPostprocessing = 0;
		};
/* End PBXSourcesBuildPhase section */

/* Begin PBXVariantGroup section */
		A4C31C8429913CF00014F458 /* LaunchScreen.storyboard */ = {
			isa = PBXVariantGroup;
			children = (
				A4C31C8529913CF00014F458 /* Base */,
			);
			name = LaunchScreen.storyboard;
			sourceTree = "<group>";
		};
/* End PBXVariantGroup section */

/* Begin XCBuildConfiguration section */
		A4C31C8829913CF00014F458 /* Debug */ = {
			isa = XCBuildConfiguration;
			buildSettings = {
				ALWAYS_SEARCH_USER_PATHS = NO;
				CLANG_ANALYZER_NONNULL = YES;
				CLANG_ANALYZER_NUMBER_OBJECT_CONVERSION = YES_AGGRESSIVE;
				CLANG_CXX_LANGUAGE_STANDARD = "gnu++20";
				CLANG_ENABLE_MODULES = YES;
				CLANG_ENABLE_OBJC_ARC = YES;
				CLANG_ENABLE_OBJC_WEAK = YES;
				CLANG_WARN_BLOCK_CAPTURE_AUTORELEASING = YES;
				CLANG_WARN_BOOL_CONVERSION = YES;
				CLANG_WARN_COMMA = YES;
				CLANG_WARN_CONSTANT_CONVERSION = YES;
				CLANG_WARN_DEPRECATED_OBJC_IMPLEMENTATIONS = YES;
				CLANG_WARN_DIRECT_OBJC_ISA_USAGE = YES_ERROR;
				CLANG_WARN_DOCUMENTATION_COMMENTS = YES;
				CLANG_WARN_EMPTY_BODY = YES;
				CLANG_WARN_ENUM_CONVERSION = YES;
				CLANG_WARN_INFINITE_RECURSION = YES;
				CLANG_WARN_INT_CONVERSION = YES;
				CLANG_WARN_NON_LITERAL_NULL_CONVERSION = YES;
				CLANG_WARN_OBJC_IMPLICIT_RETAIN_SELF = YES;
				CLANG_WARN_OBJC_LITERAL_CONVERSION = YES;
				CLANG_WARN_OBJC_ROOT_CLASS = YES_ERROR;
				CLANG_WARN_QUOTED_INCLUDE_IN_FRAMEWORK_HEADER = YES;
				CLANG_WARN_RANGE_LOOP_ANALYSIS = YES;
				CLANG_WARN_STRICT_PROTOTYPES = YES;
				CLANG_WARN_SUSPICIOUS_MOVE = YES;
				CLANG_WARN_UNGUARDED_AVAILABILITY = YES_AGGRESSIVE;
				CLANG_WARN_UNREACHABLE_CODE = YES;
				CLANG_WARN__DUPLICATE_METHOD_MATCH = YES;
				COPY_PHASE_STRIP = NO;
				DEBUG_INFORMATION_FORMAT = dwarf;
				ENABLE_STRICT_OBJC_MSGSEND = YES;
				ENABLE_TESTABILITY = YES;
				GCC_C_LANGUAGE_STANDARD = gnu11;
				GCC_DYNAMIC_NO_PIC = NO;
				GCC_NO_COMMON_BLOCKS = YES;
				GCC_OPTIMIZATION_LEVEL = 0;
				GCC_PREPROCESSOR_DEFINITIONS = (
					"DEBUG=1",
					"$(inherited)",
				);
				GCC_WARN_64_TO_32_BIT_CONVERSION = YES;
				GCC_WARN_ABOUT_RETURN_TYPE = YES_ERROR;
				GCC_WARN_UNDECLARED_SELECTOR = YES;
				GCC_WARN_UNINITIALIZED_AUTOS = YES_AGGRESSIVE;
				GCC_WARN_UNUSED_FUNCTION = YES;
				GCC_WARN_UNUSED_VARIABLE = YES;
				IPHONEOS_DEPLOYMENT_TARGET = 16.2;
				MTL_ENABLE_DEBUG_INFO = INCLUDE_SOURCE;
				MTL_FAST_MATH = YES;
				ONLY_ACTIVE_ARCH = YES;
				SDKROOT = iphoneos;
				SWIFT_ACTIVE_COMPILATION_CONDITIONS = DEBUG;
				SWIFT_OPTIMIZATION_LEVEL = "-Onone";
			};
			name = Debug;
		};
		A4C31C8929913CF00014F458 /* Release */ = {
			isa = XCBuildConfiguration;
			buildSettings = {
				ALWAYS_SEARCH_USER_PATHS = NO;
				CLANG_ANALYZER_NONNULL = YES;
				CLANG_ANALYZER_NUMBER_OBJECT_CONVERSION = YES_AGGRESSIVE;
				CLANG_CXX_LANGUAGE_STANDARD = "gnu++20";
				CLANG_ENABLE_MODULES = YES;
				CLANG_ENABLE_OBJC_ARC = YES;
				CLANG_ENABLE_OBJC_WEAK = YES;
				CLANG_WARN_BLOCK_CAPTURE_AUTORELEASING = YES;
				CLANG_WARN_BOOL_CONVERSION = YES;
				CLANG_WARN_COMMA = YES;
				CLANG_WARN_CONSTANT_CONVERSION = YES;
				CLANG_WARN_DEPRECATED_OBJC_IMPLEMENTATIONS = YES;
				CLANG_WARN_DIRECT_OBJC_ISA_USAGE = YES_ERROR;
				CLANG_WARN_DOCUMENTATION_COMMENTS = YES;
				CLANG_WARN_EMPTY_BODY = YES;
				CLANG_WARN_ENUM_CONVERSION = YES;
				CLANG_WARN_INFINITE_RECURSION = YES;
				CLANG_WARN_INT_CONVERSION = YES;
				CLANG_WARN_NON_LITERAL_NULL_CONVERSION = YES;
				CLANG_WARN_OBJC_IMPLICIT_RETAIN_SELF = YES;
				CLANG_WARN_OBJC_LITERAL_CONVERSION = YES;
				CLANG_WARN_OBJC_ROOT_CLASS = YES_ERROR;
				CLANG_WARN_QUOTED_INCLUDE_IN_FRAMEWORK_HEADER = YES;
				CLANG_WARN_RANGE_LOOP_ANALYSIS = YES;
				CLANG_WARN_STRICT_PROTOTYPES = YES;
				CLANG_WARN_SUSPICIOUS_MOVE = YES;
				CLANG_WARN_UNGUARDED_AVAILABILITY = YES_AGGRESSIVE;
				CLANG_WARN_UNREACHABLE_CODE = YES;
				CLANG_WARN__DUPLICATE_METHOD_MATCH = YES;
				COPY_PHASE_STRIP = NO;
				DEBUG_INFORMATION_FORMAT = "dwarf-with-dsym";
				ENABLE_NS_ASSERTIONS = NO;
				ENABLE_STRICT_OBJC_MSGSEND = YES;
				GCC_C_LANGUAGE_STANDARD = gnu11;
				GCC_NO_COMMON_BLOCKS = YES;
				GCC_WARN_64_TO_32_BIT_CONVERSION = YES;
				GCC_WARN_ABOUT_RETURN_TYPE = YES_ERROR;
				GCC_WARN_UNDECLARED_SELECTOR = YES;
				GCC_WARN_UNINITIALIZED_AUTOS = YES_AGGRESSIVE;
				GCC_WARN_UNUSED_FUNCTION = YES;
				GCC_WARN_UNUSED_VARIABLE = YES;
				IPHONEOS_DEPLOYMENT_TARGET = 16.2;
				MTL_ENABLE_DEBUG_INFO = NO;
				MTL_FAST_MATH = YES;
				SDKROOT = iphoneos;
				SWIFT_COMPILATION_MODE = wholemodule;
				SWIFT_OPTIMIZATION_LEVEL = "-O";
				VALIDATE_PRODUCT = YES;
			};
			name = Release;
		};
		A4C31C8B29913CF00014F458 /* Debug */ = {
			isa = XCBuildConfiguration;
			buildSettings = {
				ASSETCATALOG_COMPILER_APPICON_NAME = AppIcon;
				ASSETCATALOG_COMPILER_GLOBAL_ACCENT_COLOR_NAME = AccentColor;
				CODE_SIGN_STYLE = Automatic;
				CURRENT_PROJECT_VERSION = 1;
				DEVELOPMENT_TEAM = ZY7J8GW45P;
				GENERATE_INFOPLIST_FILE = YES;
				INFOPLIST_FILE = SoleApp/Info.plist;
				INFOPLIST_KEY_UIApplicationSupportsIndirectInputEvents = YES;
				INFOPLIST_KEY_UILaunchStoryboardName = LaunchScreen;
				INFOPLIST_KEY_UISupportedInterfaceOrientations_iPad = "UIInterfaceOrientationPortrait UIInterfaceOrientationPortraitUpsideDown UIInterfaceOrientationLandscapeLeft UIInterfaceOrientationLandscapeRight";
				INFOPLIST_KEY_UISupportedInterfaceOrientations_iPhone = "UIInterfaceOrientationPortrait UIInterfaceOrientationLandscapeLeft UIInterfaceOrientationLandscapeRight";
				IPHONEOS_DEPLOYMENT_TARGET = 14.0;
				LD_RUNPATH_SEARCH_PATHS = (
					"$(inherited)",
					"@executable_path/Frameworks",
				);
				MARKETING_VERSION = 1.0;
				PRODUCT_BUNDLE_IDENTIFIER = com.sole.ios.SoleApp;
				PRODUCT_NAME = "$(TARGET_NAME)";
				SUPPORTED_PLATFORMS = "iphoneos iphonesimulator";
				SUPPORTS_MACCATALYST = NO;
				SUPPORTS_MAC_DESIGNED_FOR_IPHONE_IPAD = NO;
				SWIFT_EMIT_LOC_STRINGS = YES;
				SWIFT_VERSION = 5.0;
				TARGETED_DEVICE_FAMILY = 1;
			};
			name = Debug;
		};
		A4C31C8C29913CF00014F458 /* Release */ = {
			isa = XCBuildConfiguration;
			buildSettings = {
				ASSETCATALOG_COMPILER_APPICON_NAME = AppIcon;
				ASSETCATALOG_COMPILER_GLOBAL_ACCENT_COLOR_NAME = AccentColor;
				CODE_SIGN_STYLE = Automatic;
				CURRENT_PROJECT_VERSION = 1;
				DEVELOPMENT_TEAM = ZY7J8GW45P;
				GENERATE_INFOPLIST_FILE = YES;
				INFOPLIST_FILE = SoleApp/Info.plist;
				INFOPLIST_KEY_UIApplicationSupportsIndirectInputEvents = YES;
				INFOPLIST_KEY_UILaunchStoryboardName = LaunchScreen;
				INFOPLIST_KEY_UISupportedInterfaceOrientations_iPad = "UIInterfaceOrientationPortrait UIInterfaceOrientationPortraitUpsideDown UIInterfaceOrientationLandscapeLeft UIInterfaceOrientationLandscapeRight";
				INFOPLIST_KEY_UISupportedInterfaceOrientations_iPhone = "UIInterfaceOrientationPortrait UIInterfaceOrientationLandscapeLeft UIInterfaceOrientationLandscapeRight";
				IPHONEOS_DEPLOYMENT_TARGET = 14.0;
				LD_RUNPATH_SEARCH_PATHS = (
					"$(inherited)",
					"@executable_path/Frameworks",
				);
				MARKETING_VERSION = 1.0;
				PRODUCT_BUNDLE_IDENTIFIER = com.sole.ios.SoleApp;
				PRODUCT_NAME = "$(TARGET_NAME)";
				SUPPORTED_PLATFORMS = "iphoneos iphonesimulator";
				SUPPORTS_MACCATALYST = NO;
				SUPPORTS_MAC_DESIGNED_FOR_IPHONE_IPAD = NO;
				SWIFT_EMIT_LOC_STRINGS = YES;
				SWIFT_VERSION = 5.0;
				TARGETED_DEVICE_FAMILY = 1;
			};
			name = Release;
		};
		A4C31C97299140200014F458 /* Debug */ = {
			isa = XCBuildConfiguration;
			buildSettings = {
				ASSETCATALOG_COMPILER_APPICON_NAME = AppIcon;
				ASSETCATALOG_COMPILER_GLOBAL_ACCENT_COLOR_NAME = AccentColor;
				CODE_SIGN_STYLE = Automatic;
				CURRENT_PROJECT_VERSION = 1;
				DEVELOPMENT_TEAM = ZY7J8GW45P;
				GENERATE_INFOPLIST_FILE = YES;
				INFOPLIST_FILE = "SoleApp/Info-dev.plist";
				INFOPLIST_KEY_UIApplicationSupportsIndirectInputEvents = YES;
				INFOPLIST_KEY_UILaunchStoryboardName = LaunchScreen;
				INFOPLIST_KEY_UISupportedInterfaceOrientations_iPad = "UIInterfaceOrientationPortrait UIInterfaceOrientationPortraitUpsideDown UIInterfaceOrientationLandscapeLeft UIInterfaceOrientationLandscapeRight";
				INFOPLIST_KEY_UISupportedInterfaceOrientations_iPhone = "UIInterfaceOrientationPortrait UIInterfaceOrientationLandscapeLeft UIInterfaceOrientationLandscapeRight";
				IPHONEOS_DEPLOYMENT_TARGET = 14.0;
				LD_RUNPATH_SEARCH_PATHS = (
					"$(inherited)",
					"@executable_path/Frameworks",
				);
				MARKETING_VERSION = 1.0;
				OTHER_SWIFT_FLAGS = "-D Dev";
				PRODUCT_BUNDLE_IDENTIFIER = com.sole.ios.SoleApp;
				PRODUCT_NAME = "$(TARGET_NAME)";
				SUPPORTED_PLATFORMS = "iphoneos iphonesimulator";
				SUPPORTS_MACCATALYST = NO;
				SUPPORTS_MAC_DESIGNED_FOR_IPHONE_IPAD = NO;
				SWIFT_EMIT_LOC_STRINGS = YES;
				SWIFT_VERSION = 5.0;
				TARGETED_DEVICE_FAMILY = 1;
			};
			name = Debug;
		};
		A4C31C98299140200014F458 /* Release */ = {
			isa = XCBuildConfiguration;
			buildSettings = {
				ASSETCATALOG_COMPILER_APPICON_NAME = AppIcon;
				ASSETCATALOG_COMPILER_GLOBAL_ACCENT_COLOR_NAME = AccentColor;
				CODE_SIGN_STYLE = Automatic;
				CURRENT_PROJECT_VERSION = 1;
				DEVELOPMENT_TEAM = ZY7J8GW45P;
				GENERATE_INFOPLIST_FILE = YES;
				INFOPLIST_FILE = "SoleApp/Info-dev.plist";
				INFOPLIST_KEY_UIApplicationSupportsIndirectInputEvents = YES;
				INFOPLIST_KEY_UILaunchStoryboardName = LaunchScreen;
				INFOPLIST_KEY_UISupportedInterfaceOrientations_iPad = "UIInterfaceOrientationPortrait UIInterfaceOrientationPortraitUpsideDown UIInterfaceOrientationLandscapeLeft UIInterfaceOrientationLandscapeRight";
				INFOPLIST_KEY_UISupportedInterfaceOrientations_iPhone = "UIInterfaceOrientationPortrait UIInterfaceOrientationLandscapeLeft UIInterfaceOrientationLandscapeRight";
				IPHONEOS_DEPLOYMENT_TARGET = 14.0;
				LD_RUNPATH_SEARCH_PATHS = (
					"$(inherited)",
					"@executable_path/Frameworks",
				);
				MARKETING_VERSION = 1.0;
				OTHER_SWIFT_FLAGS = "-D Dev";
				PRODUCT_BUNDLE_IDENTIFIER = com.sole.ios.SoleApp;
				PRODUCT_NAME = "$(TARGET_NAME)";
				SUPPORTED_PLATFORMS = "iphoneos iphonesimulator";
				SUPPORTS_MACCATALYST = NO;
				SUPPORTS_MAC_DESIGNED_FOR_IPHONE_IPAD = NO;
				SWIFT_EMIT_LOC_STRINGS = YES;
				SWIFT_VERSION = 5.0;
				TARGETED_DEVICE_FAMILY = 1;
			};
			name = Release;
		};
/* End XCBuildConfiguration section */

/* Begin XCConfigurationList section */
		A4C31C7129913CF00014F458 /* Build configuration list for PBXProject "SoleApp" */ = {
			isa = XCConfigurationList;
			buildConfigurations = (
				A4C31C8829913CF00014F458 /* Debug */,
				A4C31C8929913CF00014F458 /* Release */,
			);
			defaultConfigurationIsVisible = 0;
			defaultConfigurationName = Release;
		};
		A4C31C8A29913CF00014F458 /* Build configuration list for PBXNativeTarget "Release" */ = {
			isa = XCConfigurationList;
			buildConfigurations = (
				A4C31C8B29913CF00014F458 /* Debug */,
				A4C31C8C29913CF00014F458 /* Release */,
			);
			defaultConfigurationIsVisible = 0;
			defaultConfigurationName = Release;
		};
		A4C31C96299140200014F458 /* Build configuration list for PBXNativeTarget "Dev" */ = {
			isa = XCConfigurationList;
			buildConfigurations = (
				A4C31C97299140200014F458 /* Debug */,
				A4C31C98299140200014F458 /* Release */,
			);
			defaultConfigurationIsVisible = 0;
			defaultConfigurationName = Release;
		};
/* End XCConfigurationList section */

/* Begin XCRemoteSwiftPackageReference section */
		A46B46DA299295B4001FAED3 /* XCRemoteSwiftPackageReference "SnapKit" */ = {
			isa = XCRemoteSwiftPackageReference;
			repositoryURL = "https://github.com/SnapKit/SnapKit";
			requirement = {
				kind = upToNextMajorVersion;
				minimumVersion = 5.0.0;
			};
		};
/* End XCRemoteSwiftPackageReference section */

/* Begin XCSwiftPackageProductDependency section */
		A46B46DB299295B4001FAED3 /* SnapKit */ = {
			isa = XCSwiftPackageProductDependency;
			package = A46B46DA299295B4001FAED3 /* XCRemoteSwiftPackageReference "SnapKit" */;
			productName = SnapKit;
		};
		A46B46DE299295CB001FAED3 /* SnapKit */ = {
			isa = XCSwiftPackageProductDependency;
			package = A46B46DA299295B4001FAED3 /* XCRemoteSwiftPackageReference "SnapKit" */;
			productName = SnapKit;
		};
/* End XCSwiftPackageProductDependency section */
	};
	rootObject = A4C31C6E29913CF00014F458 /* Project object */;
}
