// !$*UTF8*$!
{
	archiveVersion = 1;
	classes = {
	};
	objectVersion = 56;
	objects = {

/* Begin PBXBuildFile section */
		9F9B3152EAB491127C8DBAFF /* Pods_Dev.framework in Frameworks */ = {isa = PBXBuildFile; fileRef = C08CEF1E7BB80CC858623F11 /* Pods_Dev.framework */; };
		A441777129A3B4F100FAE837 /* MyPageViewController.swift in Sources */ = {isa = PBXBuildFile; fileRef = A441777029A3B4F100FAE837 /* MyPageViewController.swift */; };
		A441777229A3B4F100FAE837 /* MyPageViewController.swift in Sources */ = {isa = PBXBuildFile; fileRef = A441777029A3B4F100FAE837 /* MyPageViewController.swift */; };
		A4597BC929A89BCB00B06132 /* FloatingPanel in Frameworks */ = {isa = PBXBuildFile; productRef = A4597BC829A89BCB00B06132 /* FloatingPanel */; };
		A4597BCB29A89BDB00B06132 /* FloatingPanel in Frameworks */ = {isa = PBXBuildFile; productRef = A4597BCA29A89BDB00B06132 /* FloatingPanel */; };
		A4597BCE29A89DCB00B06132 /* FloatingListViewController.swift in Sources */ = {isa = PBXBuildFile; fileRef = A4597BCD29A89DCB00B06132 /* FloatingListViewController.swift */; };
		A4597BCF29A89DCB00B06132 /* FloatingListViewController.swift in Sources */ = {isa = PBXBuildFile; fileRef = A4597BCD29A89DCB00B06132 /* FloatingListViewController.swift */; };
		A4597BD129A89E7D00B06132 /* FloatingListPanelLayout.swift in Sources */ = {isa = PBXBuildFile; fileRef = A4597BD029A89E7D00B06132 /* FloatingListPanelLayout.swift */; };
		A4597BD229A89E7D00B06132 /* FloatingListPanelLayout.swift in Sources */ = {isa = PBXBuildFile; fileRef = A4597BD029A89E7D00B06132 /* FloatingListPanelLayout.swift */; };
		A46B46DC299295B4001FAED3 /* SnapKit in Frameworks */ = {isa = PBXBuildFile; productRef = A46B46DB299295B4001FAED3 /* SnapKit */; };
		A46B46DF299295CB001FAED3 /* SnapKit in Frameworks */ = {isa = PBXBuildFile; productRef = A46B46DE299295CB001FAED3 /* SnapKit */; };
		A46B46E22993133B001FAED3 /* UIViewControllerRepresentable.swift in Sources */ = {isa = PBXBuildFile; fileRef = A46B46E12993133B001FAED3 /* UIViewControllerRepresentable.swift */; };
		A46B46E32993133B001FAED3 /* UIViewControllerRepresentable.swift in Sources */ = {isa = PBXBuildFile; fileRef = A46B46E12993133B001FAED3 /* UIViewControllerRepresentable.swift */; };
		A46B46E72994B49A001FAED3 /* LoginButtonView.swift in Sources */ = {isa = PBXBuildFile; fileRef = A46B46E62994B49A001FAED3 /* LoginButtonView.swift */; };
		A46B46E82994B49A001FAED3 /* LoginButtonView.swift in Sources */ = {isa = PBXBuildFile; fileRef = A46B46E62994B49A001FAED3 /* LoginButtonView.swift */; };
		A46B46EA2994B769001FAED3 /* UIColor.swift in Sources */ = {isa = PBXBuildFile; fileRef = A46B46E92994B769001FAED3 /* UIColor.swift */; };
		A46B46EB2994B769001FAED3 /* UIColor.swift in Sources */ = {isa = PBXBuildFile; fileRef = A46B46E92994B769001FAED3 /* UIColor.swift */; };
		A46B46EE299665DD001FAED3 /* SignUpFirstStepViewController.swift in Sources */ = {isa = PBXBuildFile; fileRef = A46B46ED299665DD001FAED3 /* SignUpFirstStepViewController.swift */; };
		A46B46EF299665DD001FAED3 /* SignUpFirstStepViewController.swift in Sources */ = {isa = PBXBuildFile; fileRef = A46B46ED299665DD001FAED3 /* SignUpFirstStepViewController.swift */; };
		A46B46FA29966FBF001FAED3 /* Pretendard-ExtraBold.otf in Resources */ = {isa = PBXBuildFile; fileRef = A46B46F129966FBE001FAED3 /* Pretendard-ExtraBold.otf */; };
		A46B46FB29966FBF001FAED3 /* Pretendard-ExtraBold.otf in Resources */ = {isa = PBXBuildFile; fileRef = A46B46F129966FBE001FAED3 /* Pretendard-ExtraBold.otf */; };
		A46B46FC29966FBF001FAED3 /* Pretendard-Light.otf in Resources */ = {isa = PBXBuildFile; fileRef = A46B46F229966FBE001FAED3 /* Pretendard-Light.otf */; };
		A46B46FD29966FBF001FAED3 /* Pretendard-Light.otf in Resources */ = {isa = PBXBuildFile; fileRef = A46B46F229966FBE001FAED3 /* Pretendard-Light.otf */; };
		A46B46FE29966FBF001FAED3 /* Pretendard-Bold.otf in Resources */ = {isa = PBXBuildFile; fileRef = A46B46F329966FBE001FAED3 /* Pretendard-Bold.otf */; };
		A46B46FF29966FBF001FAED3 /* Pretendard-Bold.otf in Resources */ = {isa = PBXBuildFile; fileRef = A46B46F329966FBE001FAED3 /* Pretendard-Bold.otf */; };
		A46B470029966FBF001FAED3 /* Pretendard-Black.otf in Resources */ = {isa = PBXBuildFile; fileRef = A46B46F429966FBE001FAED3 /* Pretendard-Black.otf */; };
		A46B470129966FBF001FAED3 /* Pretendard-Black.otf in Resources */ = {isa = PBXBuildFile; fileRef = A46B46F429966FBE001FAED3 /* Pretendard-Black.otf */; };
		A46B470229966FBF001FAED3 /* Pretendard-ExtraLight.otf in Resources */ = {isa = PBXBuildFile; fileRef = A46B46F529966FBF001FAED3 /* Pretendard-ExtraLight.otf */; };
		A46B470329966FBF001FAED3 /* Pretendard-ExtraLight.otf in Resources */ = {isa = PBXBuildFile; fileRef = A46B46F529966FBF001FAED3 /* Pretendard-ExtraLight.otf */; };
		A46B470429966FBF001FAED3 /* Pretendard-SemiBold.otf in Resources */ = {isa = PBXBuildFile; fileRef = A46B46F629966FBF001FAED3 /* Pretendard-SemiBold.otf */; };
		A46B470529966FBF001FAED3 /* Pretendard-SemiBold.otf in Resources */ = {isa = PBXBuildFile; fileRef = A46B46F629966FBF001FAED3 /* Pretendard-SemiBold.otf */; };
		A46B470629966FBF001FAED3 /* Pretendard-Medium.otf in Resources */ = {isa = PBXBuildFile; fileRef = A46B46F729966FBF001FAED3 /* Pretendard-Medium.otf */; };
		A46B470729966FBF001FAED3 /* Pretendard-Medium.otf in Resources */ = {isa = PBXBuildFile; fileRef = A46B46F729966FBF001FAED3 /* Pretendard-Medium.otf */; };
		A46B470829966FBF001FAED3 /* Pretendard-Regular.otf in Resources */ = {isa = PBXBuildFile; fileRef = A46B46F829966FBF001FAED3 /* Pretendard-Regular.otf */; };
		A46B470929966FBF001FAED3 /* Pretendard-Regular.otf in Resources */ = {isa = PBXBuildFile; fileRef = A46B46F829966FBF001FAED3 /* Pretendard-Regular.otf */; };
		A46B470A29966FBF001FAED3 /* Pretendard-Thin.otf in Resources */ = {isa = PBXBuildFile; fileRef = A46B46F929966FBF001FAED3 /* Pretendard-Thin.otf */; };
		A46B470B29966FBF001FAED3 /* Pretendard-Thin.otf in Resources */ = {isa = PBXBuildFile; fileRef = A46B46F929966FBF001FAED3 /* Pretendard-Thin.otf */; };
		A46B470D29967086001FAED3 /* UIFont.swift in Sources */ = {isa = PBXBuildFile; fileRef = A46B470C29967086001FAED3 /* UIFont.swift */; };
		A46B470E29967086001FAED3 /* UIFont.swift in Sources */ = {isa = PBXBuildFile; fileRef = A46B470C29967086001FAED3 /* UIFont.swift */; };
		A46B4710299677C9001FAED3 /* CheckBoxView.swift in Sources */ = {isa = PBXBuildFile; fileRef = A46B470F299677C9001FAED3 /* CheckBoxView.swift */; };
		A46B4711299677C9001FAED3 /* CheckBoxView.swift in Sources */ = {isa = PBXBuildFile; fileRef = A46B470F299677C9001FAED3 /* CheckBoxView.swift */; };
		A46B47132996845F001FAED3 /* SignUpFirstStepViewModel.swift in Sources */ = {isa = PBXBuildFile; fileRef = A46B47122996845F001FAED3 /* SignUpFirstStepViewModel.swift */; };
		A46B47142996845F001FAED3 /* SignUpFirstStepViewModel.swift in Sources */ = {isa = PBXBuildFile; fileRef = A46B47122996845F001FAED3 /* SignUpFirstStepViewModel.swift */; };
		A46B471629975CDE001FAED3 /* UIViewController.swift in Sources */ = {isa = PBXBuildFile; fileRef = A46B471529975CDE001FAED3 /* UIViewController.swift */; };
		A46B471729975CDE001FAED3 /* UIViewController.swift in Sources */ = {isa = PBXBuildFile; fileRef = A46B471529975CDE001FAED3 /* UIViewController.swift */; };
		A46B47192998A67C001FAED3 /* SignUpSetNickNameViewController.swift in Sources */ = {isa = PBXBuildFile; fileRef = A46B47182998A67C001FAED3 /* SignUpSetNickNameViewController.swift */; };
		A46B471A2998A67C001FAED3 /* SignUpSetNickNameViewController.swift in Sources */ = {isa = PBXBuildFile; fileRef = A46B47182998A67C001FAED3 /* SignUpSetNickNameViewController.swift */; };
		A46B471C2998B395001FAED3 /* UIButton.swift in Sources */ = {isa = PBXBuildFile; fileRef = A46B471B2998B395001FAED3 /* UIButton.swift */; };
		A46B471D2998B395001FAED3 /* UIButton.swift in Sources */ = {isa = PBXBuildFile; fileRef = A46B471B2998B395001FAED3 /* UIButton.swift */; };
		A46B471F2998BD15001FAED3 /* SignUpCompleteVIewController.swift in Sources */ = {isa = PBXBuildFile; fileRef = A46B471E2998BD15001FAED3 /* SignUpCompleteVIewController.swift */; };
		A46B47202998BD15001FAED3 /* SignUpCompleteVIewController.swift in Sources */ = {isa = PBXBuildFile; fileRef = A46B471E2998BD15001FAED3 /* SignUpCompleteVIewController.swift */; };
		A46B4722299929C4001FAED3 /* UITextField.swift in Sources */ = {isa = PBXBuildFile; fileRef = A46B4721299929C4001FAED3 /* UITextField.swift */; };
		A46B4723299929C4001FAED3 /* UITextField.swift in Sources */ = {isa = PBXBuildFile; fileRef = A46B4721299929C4001FAED3 /* UITextField.swift */; };
		A46B472529992BCD001FAED3 /* UIControl.swift in Sources */ = {isa = PBXBuildFile; fileRef = A46B472429992BCD001FAED3 /* UIControl.swift */; };
		A46B472629992BCD001FAED3 /* UIControl.swift in Sources */ = {isa = PBXBuildFile; fileRef = A46B472429992BCD001FAED3 /* UIControl.swift */; };
		A4712C9729A1DF2000CE1A59 /* Constant.swift in Sources */ = {isa = PBXBuildFile; fileRef = A4712C9629A1DF2000CE1A59 /* Constant.swift */; };
		A4712C9829A1DF2A00CE1A59 /* Constant.swift in Sources */ = {isa = PBXBuildFile; fileRef = A4712C9629A1DF2000CE1A59 /* Constant.swift */; };
		A4C31C7A29913CF00014F458 /* AppDelegate.swift in Sources */ = {isa = PBXBuildFile; fileRef = A4C31C7929913CF00014F458 /* AppDelegate.swift */; };
		A4C31C7C29913CF00014F458 /* SceneDelegate.swift in Sources */ = {isa = PBXBuildFile; fileRef = A4C31C7B29913CF00014F458 /* SceneDelegate.swift */; };
		A4C31C7E29913CF00014F458 /* LoginViewController.swift in Sources */ = {isa = PBXBuildFile; fileRef = A4C31C7D29913CF00014F458 /* LoginViewController.swift */; };
		A4C31C8329913CF00014F458 /* Assets.xcassets in Resources */ = {isa = PBXBuildFile; fileRef = A4C31C8229913CF00014F458 /* Assets.xcassets */; };
		A4C31C8629913CF00014F458 /* LaunchScreen.storyboard in Resources */ = {isa = PBXBuildFile; fileRef = A4C31C8429913CF00014F458 /* LaunchScreen.storyboard */; };
		A4C31C8F299140200014F458 /* LoginViewController.swift in Sources */ = {isa = PBXBuildFile; fileRef = A4C31C7D29913CF00014F458 /* LoginViewController.swift */; };
		A4C31C90299140200014F458 /* AppDelegate.swift in Sources */ = {isa = PBXBuildFile; fileRef = A4C31C7929913CF00014F458 /* AppDelegate.swift */; };
		A4C31C91299140200014F458 /* SceneDelegate.swift in Sources */ = {isa = PBXBuildFile; fileRef = A4C31C7B29913CF00014F458 /* SceneDelegate.swift */; };
		A4C31C94299140200014F458 /* LaunchScreen.storyboard in Resources */ = {isa = PBXBuildFile; fileRef = A4C31C8429913CF00014F458 /* LaunchScreen.storyboard */; };
		A4C31C95299140200014F458 /* Assets.xcassets in Resources */ = {isa = PBXBuildFile; fileRef = A4C31C8229913CF00014F458 /* Assets.xcassets */; };
		A4D983BF299F603C008C599D /* KakaoSDKAuth in Frameworks */ = {isa = PBXBuildFile; productRef = A4D983BE299F603C008C599D /* KakaoSDKAuth */; };
		A4D983C1299F603C008C599D /* KakaoSDKCommon in Frameworks */ = {isa = PBXBuildFile; productRef = A4D983C0299F603C008C599D /* KakaoSDKCommon */; };
		A4D983C3299F6075008C599D /* KakaoSDKAuth in Frameworks */ = {isa = PBXBuildFile; productRef = A4D983C2299F6075008C599D /* KakaoSDKAuth */; };
		A4D983C5299F6075008C599D /* KakaoSDKCommon in Frameworks */ = {isa = PBXBuildFile; productRef = A4D983C4299F6075008C599D /* KakaoSDKCommon */; };
		A4D983C7299F63A7008C599D /* KakaoSDKUser in Frameworks */ = {isa = PBXBuildFile; productRef = A4D983C6299F63A7008C599D /* KakaoSDKUser */; };
		A4D983C9299F63AF008C599D /* KakaoSDKUser in Frameworks */ = {isa = PBXBuildFile; productRef = A4D983C8299F63AF008C599D /* KakaoSDKUser */; };
		A4D983CD299F6560008C599D /* MainTabbarViewController.swift in Sources */ = {isa = PBXBuildFile; fileRef = A4D983CC299F6560008C599D /* MainTabbarViewController.swift */; };
		A4D983CE299F6560008C599D /* MainTabbarViewController.swift in Sources */ = {isa = PBXBuildFile; fileRef = A4D983CC299F6560008C599D /* MainTabbarViewController.swift */; };
		A4D983D1299F6634008C599D /* HomeViewController.swift in Sources */ = {isa = PBXBuildFile; fileRef = A4D983D0299F6633008C599D /* HomeViewController.swift */; };
		A4D983D2299F6634008C599D /* HomeViewController.swift in Sources */ = {isa = PBXBuildFile; fileRef = A4D983D0299F6633008C599D /* HomeViewController.swift */; };
		FE01069E35B1A1072368E401 /* Pods_Release.framework in Frameworks */ = {isa = PBXBuildFile; fileRef = FB465B9E530A5BC24A061BF6 /* Pods_Release.framework */; };
/* End PBXBuildFile section */

/* Begin PBXFileReference section */
		0F0D34AC6D69564AA99A9AEA /* Pods-Release.release.xcconfig */ = {isa = PBXFileReference; includeInIndex = 1; lastKnownFileType = text.xcconfig; name = "Pods-Release.release.xcconfig"; path = "Target Support Files/Pods-Release/Pods-Release.release.xcconfig"; sourceTree = "<group>"; };
		5463913E3158E13BBE8D8DCA /* Pods-Dev.release.xcconfig */ = {isa = PBXFileReference; includeInIndex = 1; lastKnownFileType = text.xcconfig; name = "Pods-Dev.release.xcconfig"; path = "Target Support Files/Pods-Dev/Pods-Dev.release.xcconfig"; sourceTree = "<group>"; };
		A441777029A3B4F100FAE837 /* MyPageViewController.swift */ = {isa = PBXFileReference; lastKnownFileType = sourcecode.swift; path = MyPageViewController.swift; sourceTree = "<group>"; };
		A4597BCD29A89DCB00B06132 /* FloatingListViewController.swift */ = {isa = PBXFileReference; lastKnownFileType = sourcecode.swift; path = FloatingListViewController.swift; sourceTree = "<group>"; };
		A4597BD029A89E7D00B06132 /* FloatingListPanelLayout.swift */ = {isa = PBXFileReference; lastKnownFileType = sourcecode.swift; path = FloatingListPanelLayout.swift; sourceTree = "<group>"; };
		A46B46E12993133B001FAED3 /* UIViewControllerRepresentable.swift */ = {isa = PBXFileReference; lastKnownFileType = sourcecode.swift; path = UIViewControllerRepresentable.swift; sourceTree = "<group>"; };
		A46B46E62994B49A001FAED3 /* LoginButtonView.swift */ = {isa = PBXFileReference; lastKnownFileType = sourcecode.swift; path = LoginButtonView.swift; sourceTree = "<group>"; };
		A46B46E92994B769001FAED3 /* UIColor.swift */ = {isa = PBXFileReference; lastKnownFileType = sourcecode.swift; path = UIColor.swift; sourceTree = "<group>"; };
		A46B46ED299665DD001FAED3 /* SignUpFirstStepViewController.swift */ = {isa = PBXFileReference; lastKnownFileType = sourcecode.swift; path = SignUpFirstStepViewController.swift; sourceTree = "<group>"; };
		A46B46F129966FBE001FAED3 /* Pretendard-ExtraBold.otf */ = {isa = PBXFileReference; lastKnownFileType = file; path = "Pretendard-ExtraBold.otf"; sourceTree = "<group>"; };
		A46B46F229966FBE001FAED3 /* Pretendard-Light.otf */ = {isa = PBXFileReference; lastKnownFileType = file; path = "Pretendard-Light.otf"; sourceTree = "<group>"; };
		A46B46F329966FBE001FAED3 /* Pretendard-Bold.otf */ = {isa = PBXFileReference; lastKnownFileType = file; path = "Pretendard-Bold.otf"; sourceTree = "<group>"; };
		A46B46F429966FBE001FAED3 /* Pretendard-Black.otf */ = {isa = PBXFileReference; lastKnownFileType = file; path = "Pretendard-Black.otf"; sourceTree = "<group>"; };
		A46B46F529966FBF001FAED3 /* Pretendard-ExtraLight.otf */ = {isa = PBXFileReference; lastKnownFileType = file; path = "Pretendard-ExtraLight.otf"; sourceTree = "<group>"; };
		A46B46F629966FBF001FAED3 /* Pretendard-SemiBold.otf */ = {isa = PBXFileReference; lastKnownFileType = file; path = "Pretendard-SemiBold.otf"; sourceTree = "<group>"; };
		A46B46F729966FBF001FAED3 /* Pretendard-Medium.otf */ = {isa = PBXFileReference; lastKnownFileType = file; path = "Pretendard-Medium.otf"; sourceTree = "<group>"; };
		A46B46F829966FBF001FAED3 /* Pretendard-Regular.otf */ = {isa = PBXFileReference; lastKnownFileType = file; path = "Pretendard-Regular.otf"; sourceTree = "<group>"; };
		A46B46F929966FBF001FAED3 /* Pretendard-Thin.otf */ = {isa = PBXFileReference; lastKnownFileType = file; path = "Pretendard-Thin.otf"; sourceTree = "<group>"; };
		A46B470C29967086001FAED3 /* UIFont.swift */ = {isa = PBXFileReference; lastKnownFileType = sourcecode.swift; path = UIFont.swift; sourceTree = "<group>"; };
		A46B470F299677C9001FAED3 /* CheckBoxView.swift */ = {isa = PBXFileReference; lastKnownFileType = sourcecode.swift; path = CheckBoxView.swift; sourceTree = "<group>"; };
		A46B47122996845F001FAED3 /* SignUpFirstStepViewModel.swift */ = {isa = PBXFileReference; lastKnownFileType = sourcecode.swift; path = SignUpFirstStepViewModel.swift; sourceTree = "<group>"; };
		A46B471529975CDE001FAED3 /* UIViewController.swift */ = {isa = PBXFileReference; lastKnownFileType = sourcecode.swift; path = UIViewController.swift; sourceTree = "<group>"; };
		A46B47182998A67C001FAED3 /* SignUpSetNickNameViewController.swift */ = {isa = PBXFileReference; lastKnownFileType = sourcecode.swift; path = SignUpSetNickNameViewController.swift; sourceTree = "<group>"; };
		A46B471B2998B395001FAED3 /* UIButton.swift */ = {isa = PBXFileReference; lastKnownFileType = sourcecode.swift; path = UIButton.swift; sourceTree = "<group>"; };
		A46B471E2998BD15001FAED3 /* SignUpCompleteVIewController.swift */ = {isa = PBXFileReference; lastKnownFileType = sourcecode.swift; path = SignUpCompleteVIewController.swift; sourceTree = "<group>"; };
		A46B4721299929C4001FAED3 /* UITextField.swift */ = {isa = PBXFileReference; lastKnownFileType = sourcecode.swift; path = UITextField.swift; sourceTree = "<group>"; };
		A46B472429992BCD001FAED3 /* UIControl.swift */ = {isa = PBXFileReference; lastKnownFileType = sourcecode.swift; path = UIControl.swift; sourceTree = "<group>"; };
		A4712C9629A1DF2000CE1A59 /* Constant.swift */ = {isa = PBXFileReference; lastKnownFileType = sourcecode.swift; path = Constant.swift; sourceTree = "<group>"; };
		A4C31C7629913CF00014F458 /* Release.app */ = {isa = PBXFileReference; explicitFileType = wrapper.application; includeInIndex = 0; path = Release.app; sourceTree = BUILT_PRODUCTS_DIR; };
		A4C31C7929913CF00014F458 /* AppDelegate.swift */ = {isa = PBXFileReference; lastKnownFileType = sourcecode.swift; path = AppDelegate.swift; sourceTree = "<group>"; };
		A4C31C7B29913CF00014F458 /* SceneDelegate.swift */ = {isa = PBXFileReference; lastKnownFileType = sourcecode.swift; path = SceneDelegate.swift; sourceTree = "<group>"; };
		A4C31C7D29913CF00014F458 /* LoginViewController.swift */ = {isa = PBXFileReference; lastKnownFileType = sourcecode.swift; path = LoginViewController.swift; sourceTree = "<group>"; };
		A4C31C8229913CF00014F458 /* Assets.xcassets */ = {isa = PBXFileReference; lastKnownFileType = folder.assetcatalog; path = Assets.xcassets; sourceTree = "<group>"; };
		A4C31C8529913CF00014F458 /* Base */ = {isa = PBXFileReference; lastKnownFileType = file.storyboard; name = Base; path = Base.lproj/LaunchScreen.storyboard; sourceTree = "<group>"; };
		A4C31C8729913CF00014F458 /* Info.plist */ = {isa = PBXFileReference; lastKnownFileType = text.plist.xml; path = Info.plist; sourceTree = "<group>"; };
		A4C31C99299140200014F458 /* Dev.app */ = {isa = PBXFileReference; explicitFileType = wrapper.application; includeInIndex = 0; path = Dev.app; sourceTree = BUILT_PRODUCTS_DIR; };
		A4C31C9B2991427D0014F458 /* Info-dev.plist */ = {isa = PBXFileReference; fileEncoding = 4; lastKnownFileType = text.plist.xml; path = "Info-dev.plist"; sourceTree = "<group>"; };
		A4D983CC299F6560008C599D /* MainTabbarViewController.swift */ = {isa = PBXFileReference; lastKnownFileType = sourcecode.swift; path = MainTabbarViewController.swift; sourceTree = "<group>"; };
		A4D983D0299F6633008C599D /* HomeViewController.swift */ = {isa = PBXFileReference; lastKnownFileType = sourcecode.swift; path = HomeViewController.swift; sourceTree = "<group>"; };
		A648897200F7A406D45245E2 /* Pods-Dev.debug.xcconfig */ = {isa = PBXFileReference; includeInIndex = 1; lastKnownFileType = text.xcconfig; name = "Pods-Dev.debug.xcconfig"; path = "Target Support Files/Pods-Dev/Pods-Dev.debug.xcconfig"; sourceTree = "<group>"; };
		C08CEF1E7BB80CC858623F11 /* Pods_Dev.framework */ = {isa = PBXFileReference; explicitFileType = wrapper.framework; includeInIndex = 0; path = Pods_Dev.framework; sourceTree = BUILT_PRODUCTS_DIR; };
		E4F07EFE21596AC1C86AA2FD /* Pods-Release.debug.xcconfig */ = {isa = PBXFileReference; includeInIndex = 1; lastKnownFileType = text.xcconfig; name = "Pods-Release.debug.xcconfig"; path = "Target Support Files/Pods-Release/Pods-Release.debug.xcconfig"; sourceTree = "<group>"; };
		FB465B9E530A5BC24A061BF6 /* Pods_Release.framework */ = {isa = PBXFileReference; explicitFileType = wrapper.framework; includeInIndex = 0; path = Pods_Release.framework; sourceTree = BUILT_PRODUCTS_DIR; };
/* End PBXFileReference section */

/* Begin PBXFrameworksBuildPhase section */
		A4C31C7329913CF00014F458 /* Frameworks */ = {
			isa = PBXFrameworksBuildPhase;
			buildActionMask = 2147483647;
			files = (
				A4D983C9299F63AF008C599D /* KakaoSDKUser in Frameworks */,
				A46B46DC299295B4001FAED3 /* SnapKit in Frameworks */,
				A4D983C1299F603C008C599D /* KakaoSDKCommon in Frameworks */,
				A4597BC929A89BCB00B06132 /* FloatingPanel in Frameworks */,
				A4D983BF299F603C008C599D /* KakaoSDKAuth in Frameworks */,
				FE01069E35B1A1072368E401 /* Pods_Release.framework in Frameworks */,
			);
			runOnlyForDeploymentPostprocessing = 0;
		};
		A4C31C92299140200014F458 /* Frameworks */ = {
			isa = PBXFrameworksBuildPhase;
			buildActionMask = 2147483647;
			files = (
				A4D983C7299F63A7008C599D /* KakaoSDKUser in Frameworks */,
				A46B46DF299295CB001FAED3 /* SnapKit in Frameworks */,
				A4D983C5299F6075008C599D /* KakaoSDKCommon in Frameworks */,
				A4597BCB29A89BDB00B06132 /* FloatingPanel in Frameworks */,
				A4D983C3299F6075008C599D /* KakaoSDKAuth in Frameworks */,
				9F9B3152EAB491127C8DBAFF /* Pods_Dev.framework in Frameworks */,
			);
			runOnlyForDeploymentPostprocessing = 0;
		};
/* End PBXFrameworksBuildPhase section */

/* Begin PBXGroup section */
		9939471B0BC5D125BC04D055 /* Pods */ = {
			isa = PBXGroup;
			children = (
				A648897200F7A406D45245E2 /* Pods-Dev.debug.xcconfig */,
				5463913E3158E13BBE8D8DCA /* Pods-Dev.release.xcconfig */,
				E4F07EFE21596AC1C86AA2FD /* Pods-Release.debug.xcconfig */,
				0F0D34AC6D69564AA99A9AEA /* Pods-Release.release.xcconfig */,
			);
			path = Pods;
			sourceTree = "<group>";
		};
		A441776F29A3B4DC00FAE837 /* MyPage */ = {
			isa = PBXGroup;
			children = (
				A441777029A3B4F100FAE837 /* MyPageViewController.swift */,
			);
			path = MyPage;
			sourceTree = "<group>";
		};
		A4597BCC29A89D8800B06132 /* Component */ = {
			isa = PBXGroup;
			children = (
				A4597BCD29A89DCB00B06132 /* FloatingListViewController.swift */,
				A4597BD029A89E7D00B06132 /* FloatingListPanelLayout.swift */,
			);
			path = Component;
			sourceTree = "<group>";
		};
		A46B46DD299295CB001FAED3 /* Frameworks */ = {
			isa = PBXGroup;
			children = (
				C08CEF1E7BB80CC858623F11 /* Pods_Dev.framework */,
				FB465B9E530A5BC24A061BF6 /* Pods_Release.framework */,
			);
			name = Frameworks;
			sourceTree = "<group>";
		};
		A46B46E02993125C001FAED3 /* Extension */ = {
			isa = PBXGroup;
			children = (
				A46B46E12993133B001FAED3 /* UIViewControllerRepresentable.swift */,
				A46B46E92994B769001FAED3 /* UIColor.swift */,
				A46B470C29967086001FAED3 /* UIFont.swift */,
				A46B471529975CDE001FAED3 /* UIViewController.swift */,
				A46B471B2998B395001FAED3 /* UIButton.swift */,
				A46B4721299929C4001FAED3 /* UITextField.swift */,
				A46B472429992BCD001FAED3 /* UIControl.swift */,
			);
			path = Extension;
			sourceTree = "<group>";
		};
		A46B46E42994B44E001FAED3 /* Login */ = {
			isa = PBXGroup;
			children = (
				A46B46EC29966584001FAED3 /* SignUp */,
				A46B46E52994B476001FAED3 /* Components */,
				A4C31C7D29913CF00014F458 /* LoginViewController.swift */,
			);
			path = Login;
			sourceTree = "<group>";
		};
		A46B46E52994B476001FAED3 /* Components */ = {
			isa = PBXGroup;
			children = (
				A46B46E62994B49A001FAED3 /* LoginButtonView.swift */,
			);
			path = Components;
			sourceTree = "<group>";
		};
		A46B46EC29966584001FAED3 /* SignUp */ = {
			isa = PBXGroup;
			children = (
				A46B46ED299665DD001FAED3 /* SignUpFirstStepViewController.swift */,
				A46B47122996845F001FAED3 /* SignUpFirstStepViewModel.swift */,
				A46B470F299677C9001FAED3 /* CheckBoxView.swift */,
				A46B47182998A67C001FAED3 /* SignUpSetNickNameViewController.swift */,
				A46B471E2998BD15001FAED3 /* SignUpCompleteVIewController.swift */,
			);
			path = SignUp;
			sourceTree = "<group>";
		};
		A46B46F029966F2B001FAED3 /* Font */ = {
			isa = PBXGroup;
			children = (
				A46B46F429966FBE001FAED3 /* Pretendard-Black.otf */,
				A46B46F329966FBE001FAED3 /* Pretendard-Bold.otf */,
				A46B46F129966FBE001FAED3 /* Pretendard-ExtraBold.otf */,
				A46B46F529966FBF001FAED3 /* Pretendard-ExtraLight.otf */,
				A46B46F229966FBE001FAED3 /* Pretendard-Light.otf */,
				A46B46F729966FBF001FAED3 /* Pretendard-Medium.otf */,
				A46B46F829966FBF001FAED3 /* Pretendard-Regular.otf */,
				A46B46F629966FBF001FAED3 /* Pretendard-SemiBold.otf */,
				A46B46F929966FBF001FAED3 /* Pretendard-Thin.otf */,
			);
			path = Font;
			sourceTree = "<group>";
		};
		A4712C9529A1DEDD00CE1A59 /* Constant */ = {
			isa = PBXGroup;
			children = (
				A4712C9629A1DF2000CE1A59 /* Constant.swift */,
			);
			path = Constant;
			sourceTree = "<group>";
		};
		A4C31C6D29913CF00014F458 = {
			isa = PBXGroup;
			children = (
				A4C31C7829913CF00014F458 /* SoleApp */,
				A4C31C7729913CF00014F458 /* Products */,
				A46B46DD299295CB001FAED3 /* Frameworks */,
				9939471B0BC5D125BC04D055 /* Pods */,
			);
			sourceTree = "<group>";
		};
		A4C31C7729913CF00014F458 /* Products */ = {
			isa = PBXGroup;
			children = (
				A4C31C7629913CF00014F458 /* Release.app */,
				A4C31C99299140200014F458 /* Dev.app */,
			);
			name = Products;
			sourceTree = "<group>";
		};
		A4C31C7829913CF00014F458 /* SoleApp */ = {
			isa = PBXGroup;
			children = (
				A4712C9529A1DEDD00CE1A59 /* Constant */,
				A4D983CB299F64E3008C599D /* Main */,
				A4D983CA299F64CD008C599D /* System */,
				A46B46F029966F2B001FAED3 /* Font */,
				A46B46E02993125C001FAED3 /* Extension */,
				A46B46E42994B44E001FAED3 /* Login */,
				A4C31C8229913CF00014F458 /* Assets.xcassets */,
				A4C31C8429913CF00014F458 /* LaunchScreen.storyboard */,
				A4C31C8729913CF00014F458 /* Info.plist */,
				A4C31C9B2991427D0014F458 /* Info-dev.plist */,
			);
			path = SoleApp;
			sourceTree = "<group>";
		};
		A4D983CA299F64CD008C599D /* System */ = {
			isa = PBXGroup;
			children = (
				A4C31C7929913CF00014F458 /* AppDelegate.swift */,
				A4C31C7B29913CF00014F458 /* SceneDelegate.swift */,
			);
			path = System;
			sourceTree = "<group>";
		};
		A4D983CB299F64E3008C599D /* Main */ = {
			isa = PBXGroup;
			children = (
				A441776F29A3B4DC00FAE837 /* MyPage */,
				A4D983CF299F661C008C599D /* Home */,
				A4D983CC299F6560008C599D /* MainTabbarViewController.swift */,
			);
			path = Main;
			sourceTree = "<group>";
		};
		A4D983CF299F661C008C599D /* Home */ = {
			isa = PBXGroup;
			children = (
				A4597BCC29A89D8800B06132 /* Component */,
				A4D983D0299F6633008C599D /* HomeViewController.swift */,
			);
			path = Home;
			sourceTree = "<group>";
		};
/* End PBXGroup section */

/* Begin PBXNativeTarget section */
		A4C31C7529913CF00014F458 /* Release */ = {
			isa = PBXNativeTarget;
			buildConfigurationList = A4C31C8A29913CF00014F458 /* Build configuration list for PBXNativeTarget "Release" */;
			buildPhases = (
				CE34E7F4A3C78AC7E365EB9D /* [CP] Check Pods Manifest.lock */,
				A4C31C7229913CF00014F458 /* Sources */,
				A4C31C7329913CF00014F458 /* Frameworks */,
				A4C31C7429913CF00014F458 /* Resources */,
				4865DF3939BB56E306948357 /* [CP] Embed Pods Frameworks */,
			);
			buildRules = (
			);
			dependencies = (
			);
			name = Release;
			packageProductDependencies = (
				A46B46DB299295B4001FAED3 /* SnapKit */,
				A4D983BE299F603C008C599D /* KakaoSDKAuth */,
				A4D983C0299F603C008C599D /* KakaoSDKCommon */,
				A4D983C8299F63AF008C599D /* KakaoSDKUser */,
				A4597BC829A89BCB00B06132 /* FloatingPanel */,
			);
			productName = SoleApp;
			productReference = A4C31C7629913CF00014F458 /* Release.app */;
			productType = "com.apple.product-type.application";
		};
		A4C31C8D299140200014F458 /* Dev */ = {
			isa = PBXNativeTarget;
			buildConfigurationList = A4C31C96299140200014F458 /* Build configuration list for PBXNativeTarget "Dev" */;
			buildPhases = (
				DB1B303534DAE85A6FC59F54 /* [CP] Check Pods Manifest.lock */,
				A4C31C8E299140200014F458 /* Sources */,
				A4C31C92299140200014F458 /* Frameworks */,
				A4C31C93299140200014F458 /* Resources */,
				E1AB431FC2390025042C9C8F /* [CP] Embed Pods Frameworks */,
			);
			buildRules = (
			);
			dependencies = (
			);
			name = Dev;
			packageProductDependencies = (
				A46B46DE299295CB001FAED3 /* SnapKit */,
				A4D983C2299F6075008C599D /* KakaoSDKAuth */,
				A4D983C4299F6075008C599D /* KakaoSDKCommon */,
				A4D983C6299F63A7008C599D /* KakaoSDKUser */,
				A4597BCA29A89BDB00B06132 /* FloatingPanel */,
			);
			productName = SoleApp;
			productReference = A4C31C99299140200014F458 /* Dev.app */;
			productType = "com.apple.product-type.application";
		};
/* End PBXNativeTarget section */

/* Begin PBXProject section */
		A4C31C6E29913CF00014F458 /* Project object */ = {
			isa = PBXProject;
			attributes = {
				BuildIndependentTargetsInParallel = 1;
				LastSwiftUpdateCheck = 1420;
				LastUpgradeCheck = 1420;
				TargetAttributes = {
					A4C31C7529913CF00014F458 = {
						CreatedOnToolsVersion = 14.2;
					};
				};
			};
			buildConfigurationList = A4C31C7129913CF00014F458 /* Build configuration list for PBXProject "SoleApp" */;
			compatibilityVersion = "Xcode 14.0";
			developmentRegion = en;
			hasScannedForEncodings = 0;
			knownRegions = (
				en,
				Base,
			);
			mainGroup = A4C31C6D29913CF00014F458;
			packageReferences = (
				A46B46DA299295B4001FAED3 /* XCRemoteSwiftPackageReference "SnapKit" */,
				A4D983BD299F603C008C599D /* XCRemoteSwiftPackageReference "kakao-ios-sdk" */,
				A4597BC729A89BCB00B06132 /* XCRemoteSwiftPackageReference "FloatingPanel" */,
			);
			productRefGroup = A4C31C7729913CF00014F458 /* Products */;
			projectDirPath = "";
			projectRoot = "";
			targets = (
				A4C31C7529913CF00014F458 /* Release */,
				A4C31C8D299140200014F458 /* Dev */,
			);
		};
/* End PBXProject section */

/* Begin PBXResourcesBuildPhase section */
		A4C31C7429913CF00014F458 /* Resources */ = {
			isa = PBXResourcesBuildPhase;
			buildActionMask = 2147483647;
			files = (
				A46B470229966FBF001FAED3 /* Pretendard-ExtraLight.otf in Resources */,
				A4C31C8629913CF00014F458 /* LaunchScreen.storyboard in Resources */,
				A46B46FE29966FBF001FAED3 /* Pretendard-Bold.otf in Resources */,
				A46B470429966FBF001FAED3 /* Pretendard-SemiBold.otf in Resources */,
				A46B46FC29966FBF001FAED3 /* Pretendard-Light.otf in Resources */,
				A4C31C8329913CF00014F458 /* Assets.xcassets in Resources */,
				A46B470029966FBF001FAED3 /* Pretendard-Black.otf in Resources */,
				A46B470829966FBF001FAED3 /* Pretendard-Regular.otf in Resources */,
				A46B46FA29966FBF001FAED3 /* Pretendard-ExtraBold.otf in Resources */,
				A46B470A29966FBF001FAED3 /* Pretendard-Thin.otf in Resources */,
				A46B470629966FBF001FAED3 /* Pretendard-Medium.otf in Resources */,
			);
			runOnlyForDeploymentPostprocessing = 0;
		};
		A4C31C93299140200014F458 /* Resources */ = {
			isa = PBXResourcesBuildPhase;
			buildActionMask = 2147483647;
			files = (
				A46B470329966FBF001FAED3 /* Pretendard-ExtraLight.otf in Resources */,
				A4C31C94299140200014F458 /* LaunchScreen.storyboard in Resources */,
				A46B46FF29966FBF001FAED3 /* Pretendard-Bold.otf in Resources */,
				A46B470529966FBF001FAED3 /* Pretendard-SemiBold.otf in Resources */,
				A46B46FD29966FBF001FAED3 /* Pretendard-Light.otf in Resources */,
				A4C31C95299140200014F458 /* Assets.xcassets in Resources */,
				A46B470129966FBF001FAED3 /* Pretendard-Black.otf in Resources */,
				A46B470929966FBF001FAED3 /* Pretendard-Regular.otf in Resources */,
				A46B46FB29966FBF001FAED3 /* Pretendard-ExtraBold.otf in Resources */,
				A46B470B29966FBF001FAED3 /* Pretendard-Thin.otf in Resources */,
				A46B470729966FBF001FAED3 /* Pretendard-Medium.otf in Resources */,
			);
			runOnlyForDeploymentPostprocessing = 0;
		};
/* End PBXResourcesBuildPhase section */

/* Begin PBXShellScriptBuildPhase section */
		4865DF3939BB56E306948357 /* [CP] Embed Pods Frameworks */ = {
			isa = PBXShellScriptBuildPhase;
			buildActionMask = 2147483647;
			files = (
			);
			inputFileListPaths = (
				"${PODS_ROOT}/Target Support Files/Pods-Release/Pods-Release-frameworks-${CONFIGURATION}-input-files.xcfilelist",
			);
			name = "[CP] Embed Pods Frameworks";
			outputFileListPaths = (
				"${PODS_ROOT}/Target Support Files/Pods-Release/Pods-Release-frameworks-${CONFIGURATION}-output-files.xcfilelist",
			);
			runOnlyForDeploymentPostprocessing = 0;
			shellPath = /bin/sh;
			shellScript = "\"${PODS_ROOT}/Target Support Files/Pods-Release/Pods-Release-frameworks.sh\"\n";
			showEnvVarsInLog = 0;
		};
		CE34E7F4A3C78AC7E365EB9D /* [CP] Check Pods Manifest.lock */ = {
			isa = PBXShellScriptBuildPhase;
			buildActionMask = 2147483647;
			files = (
			);
			inputFileListPaths = (
			);
			inputPaths = (
				"${PODS_PODFILE_DIR_PATH}/Podfile.lock",
				"${PODS_ROOT}/Manifest.lock",
			);
			name = "[CP] Check Pods Manifest.lock";
			outputFileListPaths = (
			);
			outputPaths = (
				"$(DERIVED_FILE_DIR)/Pods-Release-checkManifestLockResult.txt",
			);
			runOnlyForDeploymentPostprocessing = 0;
			shellPath = /bin/sh;
			shellScript = "diff \"${PODS_PODFILE_DIR_PATH}/Podfile.lock\" \"${PODS_ROOT}/Manifest.lock\" > /dev/null\nif [ $? != 0 ] ; then\n    # print error to STDERR\n    echo \"error: The sandbox is not in sync with the Podfile.lock. Run 'pod install' or update your CocoaPods installation.\" >&2\n    exit 1\nfi\n# This output is used by Xcode 'outputs' to avoid re-running this script phase.\necho \"SUCCESS\" > \"${SCRIPT_OUTPUT_FILE_0}\"\n";
			showEnvVarsInLog = 0;
		};
		DB1B303534DAE85A6FC59F54 /* [CP] Check Pods Manifest.lock */ = {
			isa = PBXShellScriptBuildPhase;
			buildActionMask = 2147483647;
			files = (
			);
			inputFileListPaths = (
			);
			inputPaths = (
				"${PODS_PODFILE_DIR_PATH}/Podfile.lock",
				"${PODS_ROOT}/Manifest.lock",
			);
			name = "[CP] Check Pods Manifest.lock";
			outputFileListPaths = (
			);
			outputPaths = (
				"$(DERIVED_FILE_DIR)/Pods-Dev-checkManifestLockResult.txt",
			);
			runOnlyForDeploymentPostprocessing = 0;
			shellPath = /bin/sh;
			shellScript = "diff \"${PODS_PODFILE_DIR_PATH}/Podfile.lock\" \"${PODS_ROOT}/Manifest.lock\" > /dev/null\nif [ $? != 0 ] ; then\n    # print error to STDERR\n    echo \"error: The sandbox is not in sync with the Podfile.lock. Run 'pod install' or update your CocoaPods installation.\" >&2\n    exit 1\nfi\n# This output is used by Xcode 'outputs' to avoid re-running this script phase.\necho \"SUCCESS\" > \"${SCRIPT_OUTPUT_FILE_0}\"\n";
			showEnvVarsInLog = 0;
		};
		E1AB431FC2390025042C9C8F /* [CP] Embed Pods Frameworks */ = {
			isa = PBXShellScriptBuildPhase;
			buildActionMask = 2147483647;
			files = (
			);
			inputFileListPaths = (
				"${PODS_ROOT}/Target Support Files/Pods-Dev/Pods-Dev-frameworks-${CONFIGURATION}-input-files.xcfilelist",
			);
			name = "[CP] Embed Pods Frameworks";
			outputFileListPaths = (
				"${PODS_ROOT}/Target Support Files/Pods-Dev/Pods-Dev-frameworks-${CONFIGURATION}-output-files.xcfilelist",
			);
			runOnlyForDeploymentPostprocessing = 0;
			shellPath = /bin/sh;
			shellScript = "\"${PODS_ROOT}/Target Support Files/Pods-Dev/Pods-Dev-frameworks.sh\"\n";
			showEnvVarsInLog = 0;
		};
/* End PBXShellScriptBuildPhase section */

/* Begin PBXSourcesBuildPhase section */
		A4C31C7229913CF00014F458 /* Sources */ = {
			isa = PBXSourcesBuildPhase;
			buildActionMask = 2147483647;
			files = (
				A46B46E72994B49A001FAED3 /* LoginButtonView.swift in Sources */,
				A46B471C2998B395001FAED3 /* UIButton.swift in Sources */,
				A4597BD129A89E7D00B06132 /* FloatingListPanelLayout.swift in Sources */,
				A4597BCE29A89DCB00B06132 /* FloatingListViewController.swift in Sources */,
				A46B46EE299665DD001FAED3 /* SignUpFirstStepViewController.swift in Sources */,
				A46B46EA2994B769001FAED3 /* UIColor.swift in Sources */,
				A46B471629975CDE001FAED3 /* UIViewController.swift in Sources */,
				A4D983D1299F6634008C599D /* HomeViewController.swift in Sources */,
				A46B471F2998BD15001FAED3 /* SignUpCompleteVIewController.swift in Sources */,
				A46B47132996845F001FAED3 /* SignUpFirstStepViewModel.swift in Sources */,
				A4712C9729A1DF2000CE1A59 /* Constant.swift in Sources */,
				A4C31C7E29913CF00014F458 /* LoginViewController.swift in Sources */,
				A46B4710299677C9001FAED3 /* CheckBoxView.swift in Sources */,
				A46B472529992BCD001FAED3 /* UIControl.swift in Sources */,
				A46B470D29967086001FAED3 /* UIFont.swift in Sources */,
				A4C31C7A29913CF00014F458 /* AppDelegate.swift in Sources */,
				A46B4722299929C4001FAED3 /* UITextField.swift in Sources */,
				A441777129A3B4F100FAE837 /* MyPageViewController.swift in Sources */,
				A4C31C7C29913CF00014F458 /* SceneDelegate.swift in Sources */,
				A4D983CD299F6560008C599D /* MainTabbarViewController.swift in Sources */,
				A46B46E22993133B001FAED3 /* UIViewControllerRepresentable.swift in Sources */,
				A46B47192998A67C001FAED3 /* SignUpSetNickNameViewController.swift in Sources */,
			);
			runOnlyForDeploymentPostprocessing = 0;
		};
		A4C31C8E299140200014F458 /* Sources */ = {
			isa = PBXSourcesBuildPhase;
			buildActionMask = 2147483647;
			files = (
				A46B46E82994B49A001FAED3 /* LoginButtonView.swift in Sources */,
				A46B471D2998B395001FAED3 /* UIButton.swift in Sources */,
				A4597BD229A89E7D00B06132 /* FloatingListPanelLayout.swift in Sources */,
				A4597BCF29A89DCB00B06132 /* FloatingListViewController.swift in Sources */,
				A46B46EF299665DD001FAED3 /* SignUpFirstStepViewController.swift in Sources */,
				A46B46EB2994B769001FAED3 /* UIColor.swift in Sources */,
				A46B471729975CDE001FAED3 /* UIViewController.swift in Sources */,
				A4D983D2299F6634008C599D /* HomeViewController.swift in Sources */,
				A46B47202998BD15001FAED3 /* SignUpCompleteVIewController.swift in Sources */,
				A46B47142996845F001FAED3 /* SignUpFirstStepViewModel.swift in Sources */,
				A4712C9829A1DF2A00CE1A59 /* Constant.swift in Sources */,
				A4C31C8F299140200014F458 /* LoginViewController.swift in Sources */,
				A46B4711299677C9001FAED3 /* CheckBoxView.swift in Sources */,
				A46B472629992BCD001FAED3 /* UIControl.swift in Sources */,
				A46B470E29967086001FAED3 /* UIFont.swift in Sources */,
				A4C31C90299140200014F458 /* AppDelegate.swift in Sources */,
				A46B4723299929C4001FAED3 /* UITextField.swift in Sources */,
				A441777229A3B4F100FAE837 /* MyPageViewController.swift in Sources */,
				A4C31C91299140200014F458 /* SceneDelegate.swift in Sources */,
				A4D983CE299F6560008C599D /* MainTabbarViewController.swift in Sources */,
				A46B46E32993133B001FAED3 /* UIViewControllerRepresentable.swift in Sources */,
				A46B471A2998A67C001FAED3 /* SignUpSetNickNameViewController.swift in Sources */,
			);
			runOnlyForDeploymentPostprocessing = 0;
		};
/* End PBXSourcesBuildPhase section */

/* Begin PBXVariantGroup section */
		A4C31C8429913CF00014F458 /* LaunchScreen.storyboard */ = {
			isa = PBXVariantGroup;
			children = (
				A4C31C8529913CF00014F458 /* Base */,
			);
			name = LaunchScreen.storyboard;
			sourceTree = "<group>";
		};
/* End PBXVariantGroup section */

/* Begin XCBuildConfiguration section */
		A4C31C8829913CF00014F458 /* Debug */ = {
			isa = XCBuildConfiguration;
			buildSettings = {
				ALWAYS_SEARCH_USER_PATHS = NO;
				CLANG_ANALYZER_NONNULL = YES;
				CLANG_ANALYZER_NUMBER_OBJECT_CONVERSION = YES_AGGRESSIVE;
				CLANG_CXX_LANGUAGE_STANDARD = "gnu++20";
				CLANG_ENABLE_MODULES = YES;
				CLANG_ENABLE_OBJC_ARC = YES;
				CLANG_ENABLE_OBJC_WEAK = YES;
				CLANG_WARN_BLOCK_CAPTURE_AUTORELEASING = YES;
				CLANG_WARN_BOOL_CONVERSION = YES;
				CLANG_WARN_COMMA = YES;
				CLANG_WARN_CONSTANT_CONVERSION = YES;
				CLANG_WARN_DEPRECATED_OBJC_IMPLEMENTATIONS = YES;
				CLANG_WARN_DIRECT_OBJC_ISA_USAGE = YES_ERROR;
				CLANG_WARN_DOCUMENTATION_COMMENTS = YES;
				CLANG_WARN_EMPTY_BODY = YES;
				CLANG_WARN_ENUM_CONVERSION = YES;
				CLANG_WARN_INFINITE_RECURSION = YES;
				CLANG_WARN_INT_CONVERSION = YES;
				CLANG_WARN_NON_LITERAL_NULL_CONVERSION = YES;
				CLANG_WARN_OBJC_IMPLICIT_RETAIN_SELF = YES;
				CLANG_WARN_OBJC_LITERAL_CONVERSION = YES;
				CLANG_WARN_OBJC_ROOT_CLASS = YES_ERROR;
				CLANG_WARN_QUOTED_INCLUDE_IN_FRAMEWORK_HEADER = YES;
				CLANG_WARN_RANGE_LOOP_ANALYSIS = YES;
				CLANG_WARN_STRICT_PROTOTYPES = YES;
				CLANG_WARN_SUSPICIOUS_MOVE = YES;
				CLANG_WARN_UNGUARDED_AVAILABILITY = YES_AGGRESSIVE;
				CLANG_WARN_UNREACHABLE_CODE = YES;
				CLANG_WARN__DUPLICATE_METHOD_MATCH = YES;
				COPY_PHASE_STRIP = NO;
				DEBUG_INFORMATION_FORMAT = dwarf;
				ENABLE_STRICT_OBJC_MSGSEND = YES;
				ENABLE_TESTABILITY = YES;
				GCC_C_LANGUAGE_STANDARD = gnu11;
				GCC_DYNAMIC_NO_PIC = NO;
				GCC_NO_COMMON_BLOCKS = YES;
				GCC_OPTIMIZATION_LEVEL = 0;
				GCC_PREPROCESSOR_DEFINITIONS = (
					"DEBUG=1",
					"$(inherited)",
				);
				GCC_WARN_64_TO_32_BIT_CONVERSION = YES;
				GCC_WARN_ABOUT_RETURN_TYPE = YES_ERROR;
				GCC_WARN_UNDECLARED_SELECTOR = YES;
				GCC_WARN_UNINITIALIZED_AUTOS = YES_AGGRESSIVE;
				GCC_WARN_UNUSED_FUNCTION = YES;
				GCC_WARN_UNUSED_VARIABLE = YES;
				IPHONEOS_DEPLOYMENT_TARGET = 16.2;
				MTL_ENABLE_DEBUG_INFO = INCLUDE_SOURCE;
				MTL_FAST_MATH = YES;
				ONLY_ACTIVE_ARCH = YES;
				SDKROOT = iphoneos;
				SWIFT_ACTIVE_COMPILATION_CONDITIONS = DEBUG;
				SWIFT_OPTIMIZATION_LEVEL = "-Onone";
			};
			name = Debug;
		};
		A4C31C8929913CF00014F458 /* Release */ = {
			isa = XCBuildConfiguration;
			buildSettings = {
				ALWAYS_SEARCH_USER_PATHS = NO;
				CLANG_ANALYZER_NONNULL = YES;
				CLANG_ANALYZER_NUMBER_OBJECT_CONVERSION = YES_AGGRESSIVE;
				CLANG_CXX_LANGUAGE_STANDARD = "gnu++20";
				CLANG_ENABLE_MODULES = YES;
				CLANG_ENABLE_OBJC_ARC = YES;
				CLANG_ENABLE_OBJC_WEAK = YES;
				CLANG_WARN_BLOCK_CAPTURE_AUTORELEASING = YES;
				CLANG_WARN_BOOL_CONVERSION = YES;
				CLANG_WARN_COMMA = YES;
				CLANG_WARN_CONSTANT_CONVERSION = YES;
				CLANG_WARN_DEPRECATED_OBJC_IMPLEMENTATIONS = YES;
				CLANG_WARN_DIRECT_OBJC_ISA_USAGE = YES_ERROR;
				CLANG_WARN_DOCUMENTATION_COMMENTS = YES;
				CLANG_WARN_EMPTY_BODY = YES;
				CLANG_WARN_ENUM_CONVERSION = YES;
				CLANG_WARN_INFINITE_RECURSION = YES;
				CLANG_WARN_INT_CONVERSION = YES;
				CLANG_WARN_NON_LITERAL_NULL_CONVERSION = YES;
				CLANG_WARN_OBJC_IMPLICIT_RETAIN_SELF = YES;
				CLANG_WARN_OBJC_LITERAL_CONVERSION = YES;
				CLANG_WARN_OBJC_ROOT_CLASS = YES_ERROR;
				CLANG_WARN_QUOTED_INCLUDE_IN_FRAMEWORK_HEADER = YES;
				CLANG_WARN_RANGE_LOOP_ANALYSIS = YES;
				CLANG_WARN_STRICT_PROTOTYPES = YES;
				CLANG_WARN_SUSPICIOUS_MOVE = YES;
				CLANG_WARN_UNGUARDED_AVAILABILITY = YES_AGGRESSIVE;
				CLANG_WARN_UNREACHABLE_CODE = YES;
				CLANG_WARN__DUPLICATE_METHOD_MATCH = YES;
				COPY_PHASE_STRIP = NO;
				DEBUG_INFORMATION_FORMAT = "dwarf-with-dsym";
				ENABLE_NS_ASSERTIONS = NO;
				ENABLE_STRICT_OBJC_MSGSEND = YES;
				GCC_C_LANGUAGE_STANDARD = gnu11;
				GCC_NO_COMMON_BLOCKS = YES;
				GCC_WARN_64_TO_32_BIT_CONVERSION = YES;
				GCC_WARN_ABOUT_RETURN_TYPE = YES_ERROR;
				GCC_WARN_UNDECLARED_SELECTOR = YES;
				GCC_WARN_UNINITIALIZED_AUTOS = YES_AGGRESSIVE;
				GCC_WARN_UNUSED_FUNCTION = YES;
				GCC_WARN_UNUSED_VARIABLE = YES;
				IPHONEOS_DEPLOYMENT_TARGET = 16.2;
				MTL_ENABLE_DEBUG_INFO = NO;
				MTL_FAST_MATH = YES;
				SDKROOT = iphoneos;
				SWIFT_COMPILATION_MODE = wholemodule;
				SWIFT_OPTIMIZATION_LEVEL = "-O";
				VALIDATE_PRODUCT = YES;
			};
			name = Release;
		};
		A4C31C8B29913CF00014F458 /* Debug */ = {
			isa = XCBuildConfiguration;
			baseConfigurationReference = E4F07EFE21596AC1C86AA2FD /* Pods-Release.debug.xcconfig */;
			buildSettings = {
				ASSETCATALOG_COMPILER_APPICON_NAME = AppIcon;
				ASSETCATALOG_COMPILER_GLOBAL_ACCENT_COLOR_NAME = AccentColor;
				CODE_SIGN_STYLE = Automatic;
				CURRENT_PROJECT_VERSION = 1;
				DEVELOPMENT_TEAM = ZY7J8GW45P;
				GENERATE_INFOPLIST_FILE = YES;
				INFOPLIST_FILE = SoleApp/Info.plist;
				INFOPLIST_KEY_UIApplicationSupportsIndirectInputEvents = YES;
				INFOPLIST_KEY_UILaunchStoryboardName = LaunchScreen;
				INFOPLIST_KEY_UISupportedInterfaceOrientations = UIInterfaceOrientationPortrait;
				INFOPLIST_KEY_UISupportedInterfaceOrientations_iPad = "UIInterfaceOrientationLandscapeLeft UIInterfaceOrientationLandscapeRight UIInterfaceOrientationPortrait UIInterfaceOrientationPortraitUpsideDown";
				IPHONEOS_DEPLOYMENT_TARGET = 14.0;
				LD_RUNPATH_SEARCH_PATHS = (
					"$(inherited)",
					"@executable_path/Frameworks",
				);
				MARKETING_VERSION = 1.0;
				PRODUCT_BUNDLE_IDENTIFIER = com.sole.ios.SoleApp;
				PRODUCT_NAME = "$(TARGET_NAME)";
				SUPPORTED_PLATFORMS = "iphoneos iphonesimulator";
				SUPPORTS_MACCATALYST = NO;
				SUPPORTS_MAC_DESIGNED_FOR_IPHONE_IPAD = NO;
				SWIFT_EMIT_LOC_STRINGS = YES;
				SWIFT_VERSION = 5.0;
				TARGETED_DEVICE_FAMILY = 1;
			};
			name = Debug;
		};
		A4C31C8C29913CF00014F458 /* Release */ = {
			isa = XCBuildConfiguration;
			baseConfigurationReference = 0F0D34AC6D69564AA99A9AEA /* Pods-Release.release.xcconfig */;
			buildSettings = {
				ASSETCATALOG_COMPILER_APPICON_NAME = AppIcon;
				ASSETCATALOG_COMPILER_GLOBAL_ACCENT_COLOR_NAME = AccentColor;
				CODE_SIGN_STYLE = Automatic;
				CURRENT_PROJECT_VERSION = 1;
				DEVELOPMENT_TEAM = ZY7J8GW45P;
				GENERATE_INFOPLIST_FILE = YES;
				INFOPLIST_FILE = SoleApp/Info.plist;
				INFOPLIST_KEY_UIApplicationSupportsIndirectInputEvents = YES;
				INFOPLIST_KEY_UILaunchStoryboardName = LaunchScreen;
				INFOPLIST_KEY_UISupportedInterfaceOrientations = UIInterfaceOrientationPortrait;
				INFOPLIST_KEY_UISupportedInterfaceOrientations_iPad = "UIInterfaceOrientationLandscapeLeft UIInterfaceOrientationLandscapeRight UIInterfaceOrientationPortrait UIInterfaceOrientationPortraitUpsideDown";
				IPHONEOS_DEPLOYMENT_TARGET = 14.0;
				LD_RUNPATH_SEARCH_PATHS = (
					"$(inherited)",
					"@executable_path/Frameworks",
				);
				MARKETING_VERSION = 1.0;
				PRODUCT_BUNDLE_IDENTIFIER = com.sole.ios.SoleApp;
				PRODUCT_NAME = "$(TARGET_NAME)";
				SUPPORTED_PLATFORMS = "iphoneos iphonesimulator";
				SUPPORTS_MACCATALYST = NO;
				SUPPORTS_MAC_DESIGNED_FOR_IPHONE_IPAD = NO;
				SWIFT_EMIT_LOC_STRINGS = YES;
				SWIFT_VERSION = 5.0;
				TARGETED_DEVICE_FAMILY = 1;
			};
			name = Release;
		};
		A4C31C97299140200014F458 /* Debug */ = {
			isa = XCBuildConfiguration;
			baseConfigurationReference = A648897200F7A406D45245E2 /* Pods-Dev.debug.xcconfig */;
			buildSettings = {
				ASSETCATALOG_COMPILER_APPICON_NAME = AppIcon;
				ASSETCATALOG_COMPILER_GLOBAL_ACCENT_COLOR_NAME = AccentColor;
				CODE_SIGN_STYLE = Automatic;
				CURRENT_PROJECT_VERSION = 1;
				DEVELOPMENT_TEAM = ZY7J8GW45P;
				GENERATE_INFOPLIST_FILE = YES;
				INFOPLIST_FILE = "SoleApp/Info-dev.plist";
				INFOPLIST_KEY_UIApplicationSupportsIndirectInputEvents = YES;
				INFOPLIST_KEY_UILaunchStoryboardName = LaunchScreen;
				INFOPLIST_KEY_UISupportedInterfaceOrientations = UIInterfaceOrientationPortrait;
				INFOPLIST_KEY_UISupportedInterfaceOrientations_iPad = "UIInterfaceOrientationLandscapeLeft UIInterfaceOrientationLandscapeRight UIInterfaceOrientationPortrait UIInterfaceOrientationPortraitUpsideDown";
				IPHONEOS_DEPLOYMENT_TARGET = 14.0;
				LD_RUNPATH_SEARCH_PATHS = (
					"$(inherited)",
					"@executable_path/Frameworks",
				);
				MARKETING_VERSION = 1.0;
				OTHER_SWIFT_FLAGS = "-D Dev";
				PRODUCT_BUNDLE_IDENTIFIER = com.sole.ios.SoleApp;
				PRODUCT_NAME = "$(TARGET_NAME)";
				SUPPORTED_PLATFORMS = "iphoneos iphonesimulator";
				SUPPORTS_MACCATALYST = NO;
				SUPPORTS_MAC_DESIGNED_FOR_IPHONE_IPAD = NO;
				SWIFT_EMIT_LOC_STRINGS = YES;
				SWIFT_VERSION = 5.0;
				TARGETED_DEVICE_FAMILY = 1;
			};
			name = Debug;
		};
		A4C31C98299140200014F458 /* Release */ = {
			isa = XCBuildConfiguration;
			baseConfigurationReference = 5463913E3158E13BBE8D8DCA /* Pods-Dev.release.xcconfig */;
			buildSettings = {
				ASSETCATALOG_COMPILER_APPICON_NAME = AppIcon;
				ASSETCATALOG_COMPILER_GLOBAL_ACCENT_COLOR_NAME = AccentColor;
				CODE_SIGN_STYLE = Automatic;
				CURRENT_PROJECT_VERSION = 1;
				DEVELOPMENT_TEAM = ZY7J8GW45P;
				GENERATE_INFOPLIST_FILE = YES;
				INFOPLIST_FILE = "SoleApp/Info-dev.plist";
				INFOPLIST_KEY_UIApplicationSupportsIndirectInputEvents = YES;
				INFOPLIST_KEY_UILaunchStoryboardName = LaunchScreen;
				INFOPLIST_KEY_UISupportedInterfaceOrientations = UIInterfaceOrientationPortrait;
				INFOPLIST_KEY_UISupportedInterfaceOrientations_iPad = "UIInterfaceOrientationLandscapeLeft UIInterfaceOrientationLandscapeRight UIInterfaceOrientationPortrait UIInterfaceOrientationPortraitUpsideDown";
				IPHONEOS_DEPLOYMENT_TARGET = 14.0;
				LD_RUNPATH_SEARCH_PATHS = (
					"$(inherited)",
					"@executable_path/Frameworks",
				);
				MARKETING_VERSION = 1.0;
				OTHER_SWIFT_FLAGS = "-D Dev";
				PRODUCT_BUNDLE_IDENTIFIER = com.sole.ios.SoleApp;
				PRODUCT_NAME = "$(TARGET_NAME)";
				SUPPORTED_PLATFORMS = "iphoneos iphonesimulator";
				SUPPORTS_MACCATALYST = NO;
				SUPPORTS_MAC_DESIGNED_FOR_IPHONE_IPAD = NO;
				SWIFT_EMIT_LOC_STRINGS = YES;
				SWIFT_VERSION = 5.0;
				TARGETED_DEVICE_FAMILY = 1;
			};
			name = Release;
		};
/* End XCBuildConfiguration section */

/* Begin XCConfigurationList section */
		A4C31C7129913CF00014F458 /* Build configuration list for PBXProject "SoleApp" */ = {
			isa = XCConfigurationList;
			buildConfigurations = (
				A4C31C8829913CF00014F458 /* Debug */,
				A4C31C8929913CF00014F458 /* Release */,
			);
			defaultConfigurationIsVisible = 0;
			defaultConfigurationName = Release;
		};
		A4C31C8A29913CF00014F458 /* Build configuration list for PBXNativeTarget "Release" */ = {
			isa = XCConfigurationList;
			buildConfigurations = (
				A4C31C8B29913CF00014F458 /* Debug */,
				A4C31C8C29913CF00014F458 /* Release */,
			);
			defaultConfigurationIsVisible = 0;
			defaultConfigurationName = Release;
		};
		A4C31C96299140200014F458 /* Build configuration list for PBXNativeTarget "Dev" */ = {
			isa = XCConfigurationList;
			buildConfigurations = (
				A4C31C97299140200014F458 /* Debug */,
				A4C31C98299140200014F458 /* Release */,
			);
			defaultConfigurationIsVisible = 0;
			defaultConfigurationName = Release;
		};
/* End XCConfigurationList section */

/* Begin XCRemoteSwiftPackageReference section */
		A4597BC729A89BCB00B06132 /* XCRemoteSwiftPackageReference "FloatingPanel" */ = {
			isa = XCRemoteSwiftPackageReference;
			repositoryURL = "https://github.com/scenee/FloatingPanel#swift-package-manager";
			requirement = {
				kind = upToNextMajorVersion;
				minimumVersion = 2.0.0;
			};
		};
		A46B46DA299295B4001FAED3 /* XCRemoteSwiftPackageReference "SnapKit" */ = {
			isa = XCRemoteSwiftPackageReference;
			repositoryURL = "https://github.com/SnapKit/SnapKit";
			requirement = {
				kind = upToNextMajorVersion;
				minimumVersion = 5.0.0;
			};
		};
		A4D983BD299F603C008C599D /* XCRemoteSwiftPackageReference "kakao-ios-sdk" */ = {
			isa = XCRemoteSwiftPackageReference;
			repositoryURL = "https://github.com/kakao/kakao-ios-sdk";
			requirement = {
				branch = master;
				kind = branch;
			};
		};
/* End XCRemoteSwiftPackageReference section */

/* Begin XCSwiftPackageProductDependency section */
		A4597BC829A89BCB00B06132 /* FloatingPanel */ = {
			isa = XCSwiftPackageProductDependency;
			package = A4597BC729A89BCB00B06132 /* XCRemoteSwiftPackageReference "FloatingPanel" */;
			productName = FloatingPanel;
		};
		A4597BCA29A89BDB00B06132 /* FloatingPanel */ = {
			isa = XCSwiftPackageProductDependency;
			package = A4597BC729A89BCB00B06132 /* XCRemoteSwiftPackageReference "FloatingPanel" */;
			productName = FloatingPanel;
		};
		A46B46DB299295B4001FAED3 /* SnapKit */ = {
			isa = XCSwiftPackageProductDependency;
			package = A46B46DA299295B4001FAED3 /* XCRemoteSwiftPackageReference "SnapKit" */;
			productName = SnapKit;
		};
		A46B46DE299295CB001FAED3 /* SnapKit */ = {
			isa = XCSwiftPackageProductDependency;
			package = A46B46DA299295B4001FAED3 /* XCRemoteSwiftPackageReference "SnapKit" */;
			productName = SnapKit;
		};
		A4D983BE299F603C008C599D /* KakaoSDKAuth */ = {
			isa = XCSwiftPackageProductDependency;
			package = A4D983BD299F603C008C599D /* XCRemoteSwiftPackageReference "kakao-ios-sdk" */;
			productName = KakaoSDKAuth;
		};
		A4D983C0299F603C008C599D /* KakaoSDKCommon */ = {
			isa = XCSwiftPackageProductDependency;
			package = A4D983BD299F603C008C599D /* XCRemoteSwiftPackageReference "kakao-ios-sdk" */;
			productName = KakaoSDKCommon;
		};
		A4D983C2299F6075008C599D /* KakaoSDKAuth */ = {
			isa = XCSwiftPackageProductDependency;
			package = A4D983BD299F603C008C599D /* XCRemoteSwiftPackageReference "kakao-ios-sdk" */;
			productName = KakaoSDKAuth;
		};
		A4D983C4299F6075008C599D /* KakaoSDKCommon */ = {
			isa = XCSwiftPackageProductDependency;
			package = A4D983BD299F603C008C599D /* XCRemoteSwiftPackageReference "kakao-ios-sdk" */;
			productName = KakaoSDKCommon;
		};
		A4D983C6299F63A7008C599D /* KakaoSDKUser */ = {
			isa = XCSwiftPackageProductDependency;
			package = A4D983BD299F603C008C599D /* XCRemoteSwiftPackageReference "kakao-ios-sdk" */;
			productName = KakaoSDKUser;
		};
		A4D983C8299F63AF008C599D /* KakaoSDKUser */ = {
			isa = XCSwiftPackageProductDependency;
			package = A4D983BD299F603C008C599D /* XCRemoteSwiftPackageReference "kakao-ios-sdk" */;
			productName = KakaoSDKUser;
		};
/* End XCSwiftPackageProductDependency section */
	};
	rootObject = A4C31C6E29913CF00014F458 /* Project object */;
}
